// !$*UTF8*$!
{
	archiveVersion = 1;
	classes = {
	};
	objectVersion = 46;
	objects = {

/* Begin PBXBuildFile section */
		F92232DC1B25456A00653DB0 /* main.m in Sources */ = {isa = PBXBuildFile; fileRef = F92232DB1B25456A00653DB0 /* main.m */; };
		F92232DF1B25456A00653DB0 /* AppDelegate.m in Sources */ = {isa = PBXBuildFile; fileRef = F92232DE1B25456A00653DB0 /* AppDelegate.m */; };
		F92232E71B25456A00653DB0 /* Images.xcassets in Resources */ = {isa = PBXBuildFile; fileRef = F92232E61B25456A00653DB0 /* Images.xcassets */; };
		F92232F61B25456A00653DB0 /* tenMileTests.m in Sources */ = {isa = PBXBuildFile; fileRef = F92232F51B25456A00653DB0 /* tenMileTests.m */; };
		F9269D001B29B7BF002D2036 /* ObjStoreCollectionViewController.m in Sources */ = {isa = PBXBuildFile; fileRef = F9269CFE1B29B7BF002D2036 /* ObjStoreCollectionViewController.m */; };
		F9269D011B29B7BF002D2036 /* ObjStoreCollectionViewController.xib in Resources */ = {isa = PBXBuildFile; fileRef = F9269CFF1B29B7BF002D2036 /* ObjStoreCollectionViewController.xib */; };
		F9269D051B29B913002D2036 /* ObjMyPublishViewController.m in Sources */ = {isa = PBXBuildFile; fileRef = F9269D031B29B913002D2036 /* ObjMyPublishViewController.m */; };
		F9269D061B29B913002D2036 /* ObjMyPublishViewController.xib in Resources */ = {isa = PBXBuildFile; fileRef = F9269D041B29B913002D2036 /* ObjMyPublishViewController.xib */; };
		F9269D0A1B29B956002D2036 /* ObjMyDiscountViewController.m in Sources */ = {isa = PBXBuildFile; fileRef = F9269D081B29B956002D2036 /* ObjMyDiscountViewController.m */; };
		F9269D0B1B29B956002D2036 /* ObjMyDiscountViewController.xib in Resources */ = {isa = PBXBuildFile; fileRef = F9269D091B29B956002D2036 /* ObjMyDiscountViewController.xib */; };
		F9269D0F1B29B980002D2036 /* ObjMyStoreViewController.m in Sources */ = {isa = PBXBuildFile; fileRef = F9269D0D1B29B980002D2036 /* ObjMyStoreViewController.m */; };
		F9269D101B29B980002D2036 /* ObjMyStoreViewController.xib in Resources */ = {isa = PBXBuildFile; fileRef = F9269D0E1B29B980002D2036 /* ObjMyStoreViewController.xib */; };
		F93106FC1B26D804006CB718 /* WebImage.framework in Frameworks */ = {isa = PBXBuildFile; fileRef = F93106FB1B26D804006CB718 /* WebImage.framework */; };
		F93107151B26E39F006CB718 /* MASCompositeConstraint.m in Sources */ = {isa = PBXBuildFile; fileRef = F93106FF1B26E39F006CB718 /* MASCompositeConstraint.m */; };
		F93107161B26E39F006CB718 /* MASConstraint.m in Sources */ = {isa = PBXBuildFile; fileRef = F93107021B26E39F006CB718 /* MASConstraint.m */; };
		F93107171B26E39F006CB718 /* MASConstraintMaker.m in Sources */ = {isa = PBXBuildFile; fileRef = F93107041B26E39F006CB718 /* MASConstraintMaker.m */; };
		F93107181B26E39F006CB718 /* MASLayoutConstraint.m in Sources */ = {isa = PBXBuildFile; fileRef = F93107061B26E39F006CB718 /* MASLayoutConstraint.m */; };
		F93107191B26E39F006CB718 /* MASViewAttribute.m in Sources */ = {isa = PBXBuildFile; fileRef = F931070A1B26E39F006CB718 /* MASViewAttribute.m */; };
		F931071A1B26E39F006CB718 /* MASViewConstraint.m in Sources */ = {isa = PBXBuildFile; fileRef = F931070C1B26E39F006CB718 /* MASViewConstraint.m */; };
		F931071B1B26E39F006CB718 /* NSArray+MASAdditions.m in Sources */ = {isa = PBXBuildFile; fileRef = F931070E1B26E39F006CB718 /* NSArray+MASAdditions.m */; };
		F931071C1B26E39F006CB718 /* NSLayoutConstraint+MASDebugAdditions.m in Sources */ = {isa = PBXBuildFile; fileRef = F93107111B26E39F006CB718 /* NSLayoutConstraint+MASDebugAdditions.m */; };
		F931071D1B26E39F006CB718 /* View+MASAdditions.m in Sources */ = {isa = PBXBuildFile; fileRef = F93107131B26E39F006CB718 /* View+MASAdditions.m */; };
		F96B59851B3E412E000EA4AE /* ObjDiningOutViewController.m in Sources */ = {isa = PBXBuildFile; fileRef = F96B59831B3E412E000EA4AE /* ObjDiningOutViewController.m */; };
		F96B59861B3E412E000EA4AE /* ObjDiningOutViewController.xib in Resources */ = {isa = PBXBuildFile; fileRef = F96B59841B3E412E000EA4AE /* ObjDiningOutViewController.xib */; };
		F96B598E1B3E4820000EA4AE /* ObjSegmentView.m in Sources */ = {isa = PBXBuildFile; fileRef = F96B598D1B3E4820000EA4AE /* ObjSegmentView.m */; };
		F96B59921B3E574A000EA4AE /* ObjDiningOutTableViewCell.m in Sources */ = {isa = PBXBuildFile; fileRef = F96B59901B3E574A000EA4AE /* ObjDiningOutTableViewCell.m */; };
		F96B59931B3E574A000EA4AE /* ObjDiningOutTableViewCell.xib in Resources */ = {isa = PBXBuildFile; fileRef = F96B59911B3E574A000EA4AE /* ObjDiningOutTableViewCell.xib */; };
		F96B59DB1B3EE185000EA4AE /* ObjNormalTabbarController.m in Sources */ = {isa = PBXBuildFile; fileRef = F96B59D91B3EE185000EA4AE /* ObjNormalTabbarController.m */; };
		F96B59DC1B3EE185000EA4AE /* ObjNormalTabbarController.xib in Resources */ = {isa = PBXBuildFile; fileRef = F96B59DA1B3EE185000EA4AE /* ObjNormalTabbarController.xib */; };
		F96B812E1B286C5900920E5E /* ObjStoresViewController.m in Sources */ = {isa = PBXBuildFile; fileRef = F96B812C1B286C5900920E5E /* ObjStoresViewController.m */; };
		F96B812F1B286C5900920E5E /* ObjStoresViewController.xib in Resources */ = {isa = PBXBuildFile; fileRef = F96B812D1B286C5900920E5E /* ObjStoresViewController.xib */; };
		F96B81331B286C6B00920E5E /* ObjCartViewController.m in Sources */ = {isa = PBXBuildFile; fileRef = F96B81311B286C6B00920E5E /* ObjCartViewController.m */; };
		F96B81341B286C6B00920E5E /* ObjCartViewController.xib in Resources */ = {isa = PBXBuildFile; fileRef = F96B81321B286C6B00920E5E /* ObjCartViewController.xib */; };
		F96B81381B28790F00920E5E /* ObjUserSettingTableViewCell.m in Sources */ = {isa = PBXBuildFile; fileRef = F96B81361B28790F00920E5E /* ObjUserSettingTableViewCell.m */; };
		F96B81391B28790F00920E5E /* ObjUserSettingTableViewCell.xib in Resources */ = {isa = PBXBuildFile; fileRef = F96B81371B28790F00920E5E /* ObjUserSettingTableViewCell.xib */; };
		F96B813D1B28806100920E5E /* ObjMyOrderViewController.m in Sources */ = {isa = PBXBuildFile; fileRef = F96B813B1B28806100920E5E /* ObjMyOrderViewController.m */; };
		F96B813E1B28806100920E5E /* ObjMyOrderViewController.xib in Resources */ = {isa = PBXBuildFile; fileRef = F96B813C1B28806100920E5E /* ObjMyOrderViewController.xib */; };
		F97F0D8B1B25C56D005F3A62 /* ObjViewController.m in Sources */ = {isa = PBXBuildFile; fileRef = F97F0D8A1B25C56D005F3A62 /* ObjViewController.m */; };
		F97F0D8F1B25C5B6005F3A62 /* ObjLoginViewController.m in Sources */ = {isa = PBXBuildFile; fileRef = F97F0D8D1B25C5B6005F3A62 /* ObjLoginViewController.m */; };
		F97F0D901B25C5B6005F3A62 /* ObjLoginViewController.xib in Resources */ = {isa = PBXBuildFile; fileRef = F97F0D8E1B25C5B6005F3A62 /* ObjLoginViewController.xib */; };
		F97F0D941B25C5F3005F3A62 /* ObjRestPasswordViewController.m in Sources */ = {isa = PBXBuildFile; fileRef = F97F0D921B25C5F3005F3A62 /* ObjRestPasswordViewController.m */; };
		F97F0D951B25C5F3005F3A62 /* ObjRestPasswordViewController.xib in Resources */ = {isa = PBXBuildFile; fileRef = F97F0D931B25C5F3005F3A62 /* ObjRestPasswordViewController.xib */; };
		F97F0D991B25C621005F3A62 /* ObjForgetPasswordViewController.m in Sources */ = {isa = PBXBuildFile; fileRef = F97F0D971B25C621005F3A62 /* ObjForgetPasswordViewController.m */; };
		F97F0D9A1B25C621005F3A62 /* ObjForgetPasswordViewController.xib in Resources */ = {isa = PBXBuildFile; fileRef = F97F0D981B25C621005F3A62 /* ObjForgetPasswordViewController.xib */; };
		F97F0D9E1B25C66B005F3A62 /* ObjRegisterViewController.m in Sources */ = {isa = PBXBuildFile; fileRef = F97F0D9C1B25C66B005F3A62 /* ObjRegisterViewController.m */; };
		F97F0D9F1B25C66B005F3A62 /* ObjRegisterViewController.xib in Resources */ = {isa = PBXBuildFile; fileRef = F97F0D9D1B25C66B005F3A62 /* ObjRegisterViewController.xib */; };
		F97F0DA41B25C6FE005F3A62 /* ObjUserSettingViewController.m in Sources */ = {isa = PBXBuildFile; fileRef = F97F0DA21B25C6FE005F3A62 /* ObjUserSettingViewController.m */; };
		F97F0DA51B25C6FE005F3A62 /* ObjUserSettingViewController.xib in Resources */ = {isa = PBXBuildFile; fileRef = F97F0DA31B25C6FE005F3A62 /* ObjUserSettingViewController.xib */; };
		F97F0DAF1B25CF34005F3A62 /* ObjHomeViewController.m in Sources */ = {isa = PBXBuildFile; fileRef = F97F0DAD1B25CF34005F3A62 /* ObjHomeViewController.m */; };
		F97F0DB01B25CF34005F3A62 /* ObjHomeViewController.xib in Resources */ = {isa = PBXBuildFile; fileRef = F97F0DAE1B25CF34005F3A62 /* ObjHomeViewController.xib */; };
		F97F0DB41B25DD78005F3A62 /* ObjNavigationViewController.m in Sources */ = {isa = PBXBuildFile; fileRef = F97F0DB31B25DD78005F3A62 /* ObjNavigationViewController.m */; };
		F993F0901B3FE2A0009C3E9A /* ObjStoreTabbarController.m in Sources */ = {isa = PBXBuildFile; fileRef = F993F08E1B3FE2A0009C3E9A /* ObjStoreTabbarController.m */; };
		F993F0911B3FE2A0009C3E9A /* ObjStoreTabbarController.xib in Resources */ = {isa = PBXBuildFile; fileRef = F993F08F1B3FE2A0009C3E9A /* ObjStoreTabbarController.xib */; };
		F993F0961B3FF222009C3E9A /* ObjTimeShoppingViewController.m in Sources */ = {isa = PBXBuildFile; fileRef = F993F0941B3FF222009C3E9A /* ObjTimeShoppingViewController.m */; };
		F993F0971B3FF222009C3E9A /* ObjTimeShoppingViewController.xib in Resources */ = {isa = PBXBuildFile; fileRef = F993F0951B3FF222009C3E9A /* ObjTimeShoppingViewController.xib */; };
		F993F09B1B3FF268009C3E9A /* ObjTimeShoppingTableViewCell.m in Sources */ = {isa = PBXBuildFile; fileRef = F993F0991B3FF268009C3E9A /* ObjTimeShoppingTableViewCell.m */; };
		F993F09C1B3FF268009C3E9A /* ObjTimeShoppingTableViewCell.xib in Resources */ = {isa = PBXBuildFile; fileRef = F993F09A1B3FF268009C3E9A /* ObjTimeShoppingTableViewCell.xib */; };
		F993F0A01B3FFAAE009C3E9A /* ObjShopRecommendViewController.m in Sources */ = {isa = PBXBuildFile; fileRef = F993F09E1B3FFAAE009C3E9A /* ObjShopRecommendViewController.m */; };
		F993F0A11B3FFAAE009C3E9A /* ObjShopRecommendViewController.xib in Resources */ = {isa = PBXBuildFile; fileRef = F993F09F1B3FFAAE009C3E9A /* ObjShopRecommendViewController.xib */; };
		F993F0A51B3FFB4F009C3E9A /* ObjShopRecommendViewCell.m in Sources */ = {isa = PBXBuildFile; fileRef = F993F0A31B3FFB4F009C3E9A /* ObjShopRecommendViewCell.m */; };
		F993F0A61B3FFB4F009C3E9A /* ObjShopRecommendViewCell.xib in Resources */ = {isa = PBXBuildFile; fileRef = F993F0A41B3FFB4F009C3E9A /* ObjShopRecommendViewCell.xib */; };
		F99DF2C81B2568D500DB1B75 /* YHENetworkAdapter.m in Sources */ = {isa = PBXBuildFile; fileRef = F99DF2C51B2568D500DB1B75 /* YHENetworkAdapter.m */; };
		F99DF2C91B2568D500DB1B75 /* YHENetworkEngine.m in Sources */ = {isa = PBXBuildFile; fileRef = F99DF2C71B2568D500DB1B75 /* YHENetworkEngine.m */; };
		F99DF3331B25696500DB1B75 /* AFHTTPRequestOperation.m in Sources */ = {isa = PBXBuildFile; fileRef = F99DF30A1B25696500DB1B75 /* AFHTTPRequestOperation.m */; };
		F99DF3341B25696500DB1B75 /* AFHTTPRequestOperationManager.m in Sources */ = {isa = PBXBuildFile; fileRef = F99DF30C1B25696500DB1B75 /* AFHTTPRequestOperationManager.m */; };
		F99DF3351B25696500DB1B75 /* AFHTTPSessionManager.m in Sources */ = {isa = PBXBuildFile; fileRef = F99DF30E1B25696500DB1B75 /* AFHTTPSessionManager.m */; };
		F99DF3361B25696500DB1B75 /* AFNetworkReachabilityManager.m in Sources */ = {isa = PBXBuildFile; fileRef = F99DF3111B25696500DB1B75 /* AFNetworkReachabilityManager.m */; };
		F99DF3371B25696500DB1B75 /* AFSecurityPolicy.m in Sources */ = {isa = PBXBuildFile; fileRef = F99DF3131B25696500DB1B75 /* AFSecurityPolicy.m */; };
		F99DF3381B25696500DB1B75 /* AFURLConnectionOperation.m in Sources */ = {isa = PBXBuildFile; fileRef = F99DF3151B25696500DB1B75 /* AFURLConnectionOperation.m */; };
		F99DF3391B25696500DB1B75 /* AFURLRequestSerialization.m in Sources */ = {isa = PBXBuildFile; fileRef = F99DF3171B25696500DB1B75 /* AFURLRequestSerialization.m */; };
		F99DF33A1B25696500DB1B75 /* AFURLResponseSerialization.m in Sources */ = {isa = PBXBuildFile; fileRef = F99DF3191B25696500DB1B75 /* AFURLResponseSerialization.m */; };
		F99DF33B1B25696500DB1B75 /* AFURLSessionManager.m in Sources */ = {isa = PBXBuildFile; fileRef = F99DF31B1B25696500DB1B75 /* AFURLSessionManager.m */; };
		F99DF33C1B25696500DB1B75 /* AFNetworkActivityIndicatorManager.m in Sources */ = {isa = PBXBuildFile; fileRef = F99DF31E1B25696500DB1B75 /* AFNetworkActivityIndicatorManager.m */; };
		F99DF33D1B25696500DB1B75 /* UIActivityIndicatorView+AFNetworking.m in Sources */ = {isa = PBXBuildFile; fileRef = F99DF3201B25696500DB1B75 /* UIActivityIndicatorView+AFNetworking.m */; };
		F99DF33E1B25696500DB1B75 /* UIAlertView+AFNetworking.m in Sources */ = {isa = PBXBuildFile; fileRef = F99DF3221B25696500DB1B75 /* UIAlertView+AFNetworking.m */; };
		F99DF33F1B25696500DB1B75 /* UIButton+AFNetworking.m in Sources */ = {isa = PBXBuildFile; fileRef = F99DF3241B25696500DB1B75 /* UIButton+AFNetworking.m */; };
		F99DF3401B25696500DB1B75 /* UIImageView+AFNetworking.m in Sources */ = {isa = PBXBuildFile; fileRef = F99DF3261B25696500DB1B75 /* UIImageView+AFNetworking.m */; };
		F99DF3411B25696500DB1B75 /* UIProgressView+AFNetworking.m in Sources */ = {isa = PBXBuildFile; fileRef = F99DF3291B25696500DB1B75 /* UIProgressView+AFNetworking.m */; };
		F99DF3421B25696500DB1B75 /* UIRefreshControl+AFNetworking.m in Sources */ = {isa = PBXBuildFile; fileRef = F99DF32B1B25696500DB1B75 /* UIRefreshControl+AFNetworking.m */; };
		F99DF3431B25696500DB1B75 /* UIWebView+AFNetworking.m in Sources */ = {isa = PBXBuildFile; fileRef = F99DF32D1B25696500DB1B75 /* UIWebView+AFNetworking.m */; };
		F99DF3441B25696500DB1B75 /* MBProgressHUD.m in Sources */ = {isa = PBXBuildFile; fileRef = F99DF3301B25696500DB1B75 /* MBProgressHUD.m */; };
		F99DF3451B25696500DB1B75 /* YHEProgressHUD.m in Sources */ = {isa = PBXBuildFile; fileRef = F99DF3321B25696500DB1B75 /* YHEProgressHUD.m */; };
		F99DF3491B256A2200DB1B75 /* YHNetworkUserAgent.m in Sources */ = {isa = PBXBuildFile; fileRef = F99DF3481B256A2200DB1B75 /* YHNetworkUserAgent.m */; };
		F99DF34D1B256A6E00DB1B75 /* OpenUDID.m in Sources */ = {isa = PBXBuildFile; fileRef = F99DF34C1B256A6E00DB1B75 /* OpenUDID.m */; settings = {COMPILER_FLAGS = "-fno-objc-arc"; }; };
		F99DF3531B25736A00DB1B75 /* SystemConfiguration.framework in Frameworks */ = {isa = PBXBuildFile; fileRef = F99DF3521B25736A00DB1B75 /* SystemConfiguration.framework */; };
		F99DF3551B2573A000DB1B75 /* MobileCoreServices.framework in Frameworks */ = {isa = PBXBuildFile; fileRef = F99DF3541B2573A000DB1B75 /* MobileCoreServices.framework */; };
		F99DF3701B2575CB00DB1B75 /* NSData+MKBase64.m in Sources */ = {isa = PBXBuildFile; fileRef = F99DF35D1B2575CB00DB1B75 /* NSData+MKBase64.m */; };
		F99DF3711B2575CB00DB1B75 /* NSDate+RFC1123.m in Sources */ = {isa = PBXBuildFile; fileRef = F99DF35F1B2575CB00DB1B75 /* NSDate+RFC1123.m */; };
		F99DF3721B2575CB00DB1B75 /* NSDictionary+RequestEncoding.m in Sources */ = {isa = PBXBuildFile; fileRef = F99DF3611B2575CB00DB1B75 /* NSDictionary+RequestEncoding.m */; };
		F99DF3731B2575CB00DB1B75 /* NSString+MKNetworkKitAdditions.m in Sources */ = {isa = PBXBuildFile; fileRef = F99DF3631B2575CB00DB1B75 /* NSString+MKNetworkKitAdditions.m */; };
		F99DF3741B2575CB00DB1B75 /* UIAlertView+MKNetworkKitAdditions.m in Sources */ = {isa = PBXBuildFile; fileRef = F99DF3651B2575CB00DB1B75 /* UIAlertView+MKNetworkKitAdditions.m */; };
		F99DF3751B2575CB00DB1B75 /* UIImageView+MKNetworkKitAdditions.m in Sources */ = {isa = PBXBuildFile; fileRef = F99DF3671B2575CB00DB1B75 /* UIImageView+MKNetworkKitAdditions.m */; };
		F99DF3761B2575CB00DB1B75 /* MKNetworkEngine.m in Sources */ = {isa = PBXBuildFile; fileRef = F99DF3691B2575CB00DB1B75 /* MKNetworkEngine.m */; };
		F99DF3771B2575CB00DB1B75 /* MKNetworkOperation.m in Sources */ = {isa = PBXBuildFile; fileRef = F99DF36C1B2575CB00DB1B75 /* MKNetworkOperation.m */; };
		F99DF3781B2575CB00DB1B75 /* Reachability.m in Sources */ = {isa = PBXBuildFile; fileRef = F99DF36F1B2575CB00DB1B75 /* Reachability.m */; };
		F99DF37D1B257F2A00DB1B75 /* ObjLoginUser.m in Sources */ = {isa = PBXBuildFile; fileRef = F99DF37C1B257F2A00DB1B75 /* ObjLoginUser.m */; };
		F99DF3801B25969000DB1B75 /* YHLogger.m in Sources */ = {isa = PBXBuildFile; fileRef = F99DF37F1B25969000DB1B75 /* YHLogger.m */; };
		F99DF3851B2597A200DB1B75 /* LoggerClient.m in Sources */ = {isa = PBXBuildFile; fileRef = F99DF3831B2597A200DB1B75 /* LoggerClient.m */; };
		F99DF38A1B25997000DB1B75 /* YHEMKNetworkEngine.m in Sources */ = {isa = PBXBuildFile; fileRef = F99DF3871B25997000DB1B75 /* YHEMKNetworkEngine.m */; };
		F99DF38B1B25997000DB1B75 /* YHENetworkOperation.m in Sources */ = {isa = PBXBuildFile; fileRef = F99DF3891B25997000DB1B75 /* YHENetworkOperation.m */; };
		F99DF38E1B2599E800DB1B75 /* YHAssistant.m in Sources */ = {isa = PBXBuildFile; fileRef = F99DF38D1B2599E800DB1B75 /* YHAssistant.m */; };
		F99DF3921B259C4800DB1B75 /* pinyin.m in Sources */ = {isa = PBXBuildFile; fileRef = F99DF3911B259C4800DB1B75 /* pinyin.m */; };
/* End PBXBuildFile section */

/* Begin PBXContainerItemProxy section */
		F92232F01B25456A00653DB0 /* PBXContainerItemProxy */ = {
			isa = PBXContainerItemProxy;
			containerPortal = F92232CE1B25456A00653DB0 /* Project object */;
			proxyType = 1;
			remoteGlobalIDString = F92232D51B25456A00653DB0;
			remoteInfo = tenMile;
		};
/* End PBXContainerItemProxy section */

/* Begin PBXFileReference section */
		F92232D61B25456A00653DB0 /* tenMile.app */ = {isa = PBXFileReference; explicitFileType = wrapper.application; includeInIndex = 0; path = tenMile.app; sourceTree = BUILT_PRODUCTS_DIR; };
		F92232DA1B25456A00653DB0 /* Info.plist */ = {isa = PBXFileReference; lastKnownFileType = text.plist.xml; path = Info.plist; sourceTree = "<group>"; };
		F92232DB1B25456A00653DB0 /* main.m */ = {isa = PBXFileReference; lastKnownFileType = sourcecode.c.objc; path = main.m; sourceTree = "<group>"; };
		F92232DD1B25456A00653DB0 /* AppDelegate.h */ = {isa = PBXFileReference; lastKnownFileType = sourcecode.c.h; path = AppDelegate.h; sourceTree = "<group>"; };
		F92232DE1B25456A00653DB0 /* AppDelegate.m */ = {isa = PBXFileReference; lastKnownFileType = sourcecode.c.objc; path = AppDelegate.m; sourceTree = "<group>"; };
		F92232E61B25456A00653DB0 /* Images.xcassets */ = {isa = PBXFileReference; lastKnownFileType = folder.assetcatalog; path = Images.xcassets; sourceTree = "<group>"; };
		F92232EF1B25456A00653DB0 /* tenMileTests.xctest */ = {isa = PBXFileReference; explicitFileType = wrapper.cfbundle; includeInIndex = 0; path = tenMileTests.xctest; sourceTree = BUILT_PRODUCTS_DIR; };
		F92232F41B25456A00653DB0 /* Info.plist */ = {isa = PBXFileReference; lastKnownFileType = text.plist.xml; path = Info.plist; sourceTree = "<group>"; };
		F92232F51B25456A00653DB0 /* tenMileTests.m */ = {isa = PBXFileReference; lastKnownFileType = sourcecode.c.objc; path = tenMileTests.m; sourceTree = "<group>"; };
		F9269CFD1B29B7BF002D2036 /* ObjStoreCollectionViewController.h */ = {isa = PBXFileReference; fileEncoding = 4; lastKnownFileType = sourcecode.c.h; path = ObjStoreCollectionViewController.h; sourceTree = "<group>"; };
		F9269CFE1B29B7BF002D2036 /* ObjStoreCollectionViewController.m */ = {isa = PBXFileReference; fileEncoding = 4; lastKnownFileType = sourcecode.c.objc; path = ObjStoreCollectionViewController.m; sourceTree = "<group>"; };
		F9269CFF1B29B7BF002D2036 /* ObjStoreCollectionViewController.xib */ = {isa = PBXFileReference; fileEncoding = 4; lastKnownFileType = file.xib; path = ObjStoreCollectionViewController.xib; sourceTree = "<group>"; };
		F9269D021B29B913002D2036 /* ObjMyPublishViewController.h */ = {isa = PBXFileReference; fileEncoding = 4; lastKnownFileType = sourcecode.c.h; path = ObjMyPublishViewController.h; sourceTree = "<group>"; };
		F9269D031B29B913002D2036 /* ObjMyPublishViewController.m */ = {isa = PBXFileReference; fileEncoding = 4; lastKnownFileType = sourcecode.c.objc; path = ObjMyPublishViewController.m; sourceTree = "<group>"; };
		F9269D041B29B913002D2036 /* ObjMyPublishViewController.xib */ = {isa = PBXFileReference; fileEncoding = 4; lastKnownFileType = file.xib; path = ObjMyPublishViewController.xib; sourceTree = "<group>"; };
		F9269D071B29B956002D2036 /* ObjMyDiscountViewController.h */ = {isa = PBXFileReference; fileEncoding = 4; lastKnownFileType = sourcecode.c.h; path = ObjMyDiscountViewController.h; sourceTree = "<group>"; };
		F9269D081B29B956002D2036 /* ObjMyDiscountViewController.m */ = {isa = PBXFileReference; fileEncoding = 4; lastKnownFileType = sourcecode.c.objc; path = ObjMyDiscountViewController.m; sourceTree = "<group>"; };
		F9269D091B29B956002D2036 /* ObjMyDiscountViewController.xib */ = {isa = PBXFileReference; fileEncoding = 4; lastKnownFileType = file.xib; path = ObjMyDiscountViewController.xib; sourceTree = "<group>"; };
		F9269D0C1B29B980002D2036 /* ObjMyStoreViewController.h */ = {isa = PBXFileReference; fileEncoding = 4; lastKnownFileType = sourcecode.c.h; path = ObjMyStoreViewController.h; sourceTree = "<group>"; };
		F9269D0D1B29B980002D2036 /* ObjMyStoreViewController.m */ = {isa = PBXFileReference; fileEncoding = 4; lastKnownFileType = sourcecode.c.objc; path = ObjMyStoreViewController.m; sourceTree = "<group>"; };
		F9269D0E1B29B980002D2036 /* ObjMyStoreViewController.xib */ = {isa = PBXFileReference; fileEncoding = 4; lastKnownFileType = file.xib; path = ObjMyStoreViewController.xib; sourceTree = "<group>"; };
		F93106FB1B26D804006CB718 /* WebImage.framework */ = {isa = PBXFileReference; lastKnownFileType = wrapper.framework; path = WebImage.framework; sourceTree = "<group>"; };
		F93106FE1B26E39F006CB718 /* MASCompositeConstraint.h */ = {isa = PBXFileReference; fileEncoding = 4; lastKnownFileType = sourcecode.c.h; path = MASCompositeConstraint.h; sourceTree = "<group>"; };
		F93106FF1B26E39F006CB718 /* MASCompositeConstraint.m */ = {isa = PBXFileReference; fileEncoding = 4; lastKnownFileType = sourcecode.c.objc; path = MASCompositeConstraint.m; sourceTree = "<group>"; };
		F93107001B26E39F006CB718 /* MASConstraint+Private.h */ = {isa = PBXFileReference; fileEncoding = 4; lastKnownFileType = sourcecode.c.h; path = "MASConstraint+Private.h"; sourceTree = "<group>"; };
		F93107011B26E39F006CB718 /* MASConstraint.h */ = {isa = PBXFileReference; fileEncoding = 4; lastKnownFileType = sourcecode.c.h; path = MASConstraint.h; sourceTree = "<group>"; };
		F93107021B26E39F006CB718 /* MASConstraint.m */ = {isa = PBXFileReference; fileEncoding = 4; lastKnownFileType = sourcecode.c.objc; path = MASConstraint.m; sourceTree = "<group>"; };
		F93107031B26E39F006CB718 /* MASConstraintMaker.h */ = {isa = PBXFileReference; fileEncoding = 4; lastKnownFileType = sourcecode.c.h; path = MASConstraintMaker.h; sourceTree = "<group>"; };
		F93107041B26E39F006CB718 /* MASConstraintMaker.m */ = {isa = PBXFileReference; fileEncoding = 4; lastKnownFileType = sourcecode.c.objc; path = MASConstraintMaker.m; sourceTree = "<group>"; };
		F93107051B26E39F006CB718 /* MASLayoutConstraint.h */ = {isa = PBXFileReference; fileEncoding = 4; lastKnownFileType = sourcecode.c.h; path = MASLayoutConstraint.h; sourceTree = "<group>"; };
		F93107061B26E39F006CB718 /* MASLayoutConstraint.m */ = {isa = PBXFileReference; fileEncoding = 4; lastKnownFileType = sourcecode.c.objc; path = MASLayoutConstraint.m; sourceTree = "<group>"; };
		F93107071B26E39F006CB718 /* Masonry.h */ = {isa = PBXFileReference; fileEncoding = 4; lastKnownFileType = sourcecode.c.h; path = Masonry.h; sourceTree = "<group>"; };
		F93107081B26E39F006CB718 /* MASUtilities.h */ = {isa = PBXFileReference; fileEncoding = 4; lastKnownFileType = sourcecode.c.h; path = MASUtilities.h; sourceTree = "<group>"; };
		F93107091B26E39F006CB718 /* MASViewAttribute.h */ = {isa = PBXFileReference; fileEncoding = 4; lastKnownFileType = sourcecode.c.h; path = MASViewAttribute.h; sourceTree = "<group>"; };
		F931070A1B26E39F006CB718 /* MASViewAttribute.m */ = {isa = PBXFileReference; fileEncoding = 4; lastKnownFileType = sourcecode.c.objc; path = MASViewAttribute.m; sourceTree = "<group>"; };
		F931070B1B26E39F006CB718 /* MASViewConstraint.h */ = {isa = PBXFileReference; fileEncoding = 4; lastKnownFileType = sourcecode.c.h; path = MASViewConstraint.h; sourceTree = "<group>"; };
		F931070C1B26E39F006CB718 /* MASViewConstraint.m */ = {isa = PBXFileReference; fileEncoding = 4; lastKnownFileType = sourcecode.c.objc; path = MASViewConstraint.m; sourceTree = "<group>"; };
		F931070D1B26E39F006CB718 /* NSArray+MASAdditions.h */ = {isa = PBXFileReference; fileEncoding = 4; lastKnownFileType = sourcecode.c.h; path = "NSArray+MASAdditions.h"; sourceTree = "<group>"; };
		F931070E1B26E39F006CB718 /* NSArray+MASAdditions.m */ = {isa = PBXFileReference; fileEncoding = 4; lastKnownFileType = sourcecode.c.objc; path = "NSArray+MASAdditions.m"; sourceTree = "<group>"; };
		F931070F1B26E39F006CB718 /* NSArray+MASShorthandAdditions.h */ = {isa = PBXFileReference; fileEncoding = 4; lastKnownFileType = sourcecode.c.h; path = "NSArray+MASShorthandAdditions.h"; sourceTree = "<group>"; };
		F93107101B26E39F006CB718 /* NSLayoutConstraint+MASDebugAdditions.h */ = {isa = PBXFileReference; fileEncoding = 4; lastKnownFileType = sourcecode.c.h; path = "NSLayoutConstraint+MASDebugAdditions.h"; sourceTree = "<group>"; };
		F93107111B26E39F006CB718 /* NSLayoutConstraint+MASDebugAdditions.m */ = {isa = PBXFileReference; fileEncoding = 4; lastKnownFileType = sourcecode.c.objc; path = "NSLayoutConstraint+MASDebugAdditions.m"; sourceTree = "<group>"; };
		F93107121B26E39F006CB718 /* View+MASAdditions.h */ = {isa = PBXFileReference; fileEncoding = 4; lastKnownFileType = sourcecode.c.h; path = "View+MASAdditions.h"; sourceTree = "<group>"; };
		F93107131B26E39F006CB718 /* View+MASAdditions.m */ = {isa = PBXFileReference; fileEncoding = 4; lastKnownFileType = sourcecode.c.objc; path = "View+MASAdditions.m"; sourceTree = "<group>"; };
		F93107141B26E39F006CB718 /* View+MASShorthandAdditions.h */ = {isa = PBXFileReference; fileEncoding = 4; lastKnownFileType = sourcecode.c.h; path = "View+MASShorthandAdditions.h"; sourceTree = "<group>"; };
		F96B59821B3E412E000EA4AE /* ObjDiningOutViewController.h */ = {isa = PBXFileReference; fileEncoding = 4; lastKnownFileType = sourcecode.c.h; path = ObjDiningOutViewController.h; sourceTree = "<group>"; };
		F96B59831B3E412E000EA4AE /* ObjDiningOutViewController.m */ = {isa = PBXFileReference; fileEncoding = 4; lastKnownFileType = sourcecode.c.objc; path = ObjDiningOutViewController.m; sourceTree = "<group>"; };
		F96B59841B3E412E000EA4AE /* ObjDiningOutViewController.xib */ = {isa = PBXFileReference; fileEncoding = 4; lastKnownFileType = file.xib; path = ObjDiningOutViewController.xib; sourceTree = "<group>"; };
		F96B598C1B3E4820000EA4AE /* ObjSegmentView.h */ = {isa = PBXFileReference; fileEncoding = 4; lastKnownFileType = sourcecode.c.h; path = ObjSegmentView.h; sourceTree = "<group>"; };
		F96B598D1B3E4820000EA4AE /* ObjSegmentView.m */ = {isa = PBXFileReference; fileEncoding = 4; lastKnownFileType = sourcecode.c.objc; path = ObjSegmentView.m; sourceTree = "<group>"; };
		F96B598F1B3E574A000EA4AE /* ObjDiningOutTableViewCell.h */ = {isa = PBXFileReference; fileEncoding = 4; lastKnownFileType = sourcecode.c.h; path = ObjDiningOutTableViewCell.h; sourceTree = "<group>"; };
		F96B59901B3E574A000EA4AE /* ObjDiningOutTableViewCell.m */ = {isa = PBXFileReference; fileEncoding = 4; lastKnownFileType = sourcecode.c.objc; path = ObjDiningOutTableViewCell.m; sourceTree = "<group>"; };
		F96B59911B3E574A000EA4AE /* ObjDiningOutTableViewCell.xib */ = {isa = PBXFileReference; fileEncoding = 4; lastKnownFileType = file.xib; path = ObjDiningOutTableViewCell.xib; sourceTree = "<group>"; };
		F96B59D81B3EE185000EA4AE /* ObjNormalTabbarController.h */ = {isa = PBXFileReference; fileEncoding = 4; lastKnownFileType = sourcecode.c.h; path = ObjNormalTabbarController.h; sourceTree = "<group>"; };
		F96B59D91B3EE185000EA4AE /* ObjNormalTabbarController.m */ = {isa = PBXFileReference; fileEncoding = 4; lastKnownFileType = sourcecode.c.objc; path = ObjNormalTabbarController.m; sourceTree = "<group>"; };
		F96B59DA1B3EE185000EA4AE /* ObjNormalTabbarController.xib */ = {isa = PBXFileReference; fileEncoding = 4; lastKnownFileType = file.xib; path = ObjNormalTabbarController.xib; sourceTree = "<group>"; };
		F96B812B1B286C5900920E5E /* ObjStoresViewController.h */ = {isa = PBXFileReference; fileEncoding = 4; lastKnownFileType = sourcecode.c.h; path = ObjStoresViewController.h; sourceTree = "<group>"; };
		F96B812C1B286C5900920E5E /* ObjStoresViewController.m */ = {isa = PBXFileReference; fileEncoding = 4; lastKnownFileType = sourcecode.c.objc; path = ObjStoresViewController.m; sourceTree = "<group>"; };
		F96B812D1B286C5900920E5E /* ObjStoresViewController.xib */ = {isa = PBXFileReference; fileEncoding = 4; lastKnownFileType = file.xib; path = ObjStoresViewController.xib; sourceTree = "<group>"; };
		F96B81301B286C6B00920E5E /* ObjCartViewController.h */ = {isa = PBXFileReference; fileEncoding = 4; lastKnownFileType = sourcecode.c.h; path = ObjCartViewController.h; sourceTree = "<group>"; };
		F96B81311B286C6B00920E5E /* ObjCartViewController.m */ = {isa = PBXFileReference; fileEncoding = 4; lastKnownFileType = sourcecode.c.objc; path = ObjCartViewController.m; sourceTree = "<group>"; };
		F96B81321B286C6B00920E5E /* ObjCartViewController.xib */ = {isa = PBXFileReference; fileEncoding = 4; lastKnownFileType = file.xib; path = ObjCartViewController.xib; sourceTree = "<group>"; };
		F96B81351B28790F00920E5E /* ObjUserSettingTableViewCell.h */ = {isa = PBXFileReference; fileEncoding = 4; lastKnownFileType = sourcecode.c.h; path = ObjUserSettingTableViewCell.h; sourceTree = "<group>"; };
		F96B81361B28790F00920E5E /* ObjUserSettingTableViewCell.m */ = {isa = PBXFileReference; fileEncoding = 4; lastKnownFileType = sourcecode.c.objc; path = ObjUserSettingTableViewCell.m; sourceTree = "<group>"; };
		F96B81371B28790F00920E5E /* ObjUserSettingTableViewCell.xib */ = {isa = PBXFileReference; fileEncoding = 4; lastKnownFileType = file.xib; path = ObjUserSettingTableViewCell.xib; sourceTree = "<group>"; };
		F96B813A1B28806100920E5E /* ObjMyOrderViewController.h */ = {isa = PBXFileReference; fileEncoding = 4; lastKnownFileType = sourcecode.c.h; path = ObjMyOrderViewController.h; sourceTree = "<group>"; };
		F96B813B1B28806100920E5E /* ObjMyOrderViewController.m */ = {isa = PBXFileReference; fileEncoding = 4; lastKnownFileType = sourcecode.c.objc; path = ObjMyOrderViewController.m; sourceTree = "<group>"; };
		F96B813C1B28806100920E5E /* ObjMyOrderViewController.xib */ = {isa = PBXFileReference; fileEncoding = 4; lastKnownFileType = file.xib; path = ObjMyOrderViewController.xib; sourceTree = "<group>"; };
		F97F0D891B25C56D005F3A62 /* ObjViewController.h */ = {isa = PBXFileReference; fileEncoding = 4; lastKnownFileType = sourcecode.c.h; path = ObjViewController.h; sourceTree = "<group>"; };
		F97F0D8A1B25C56D005F3A62 /* ObjViewController.m */ = {isa = PBXFileReference; fileEncoding = 4; lastKnownFileType = sourcecode.c.objc; path = ObjViewController.m; sourceTree = "<group>"; };
		F97F0D8C1B25C5B6005F3A62 /* ObjLoginViewController.h */ = {isa = PBXFileReference; fileEncoding = 4; lastKnownFileType = sourcecode.c.h; path = ObjLoginViewController.h; sourceTree = "<group>"; };
		F97F0D8D1B25C5B6005F3A62 /* ObjLoginViewController.m */ = {isa = PBXFileReference; fileEncoding = 4; lastKnownFileType = sourcecode.c.objc; path = ObjLoginViewController.m; sourceTree = "<group>"; };
		F97F0D8E1B25C5B6005F3A62 /* ObjLoginViewController.xib */ = {isa = PBXFileReference; fileEncoding = 4; lastKnownFileType = file.xib; path = ObjLoginViewController.xib; sourceTree = "<group>"; };
		F97F0D911B25C5F3005F3A62 /* ObjRestPasswordViewController.h */ = {isa = PBXFileReference; fileEncoding = 4; lastKnownFileType = sourcecode.c.h; path = ObjRestPasswordViewController.h; sourceTree = "<group>"; };
		F97F0D921B25C5F3005F3A62 /* ObjRestPasswordViewController.m */ = {isa = PBXFileReference; fileEncoding = 4; lastKnownFileType = sourcecode.c.objc; path = ObjRestPasswordViewController.m; sourceTree = "<group>"; };
		F97F0D931B25C5F3005F3A62 /* ObjRestPasswordViewController.xib */ = {isa = PBXFileReference; fileEncoding = 4; lastKnownFileType = file.xib; path = ObjRestPasswordViewController.xib; sourceTree = "<group>"; };
		F97F0D961B25C621005F3A62 /* ObjForgetPasswordViewController.h */ = {isa = PBXFileReference; fileEncoding = 4; lastKnownFileType = sourcecode.c.h; path = ObjForgetPasswordViewController.h; sourceTree = "<group>"; };
		F97F0D971B25C621005F3A62 /* ObjForgetPasswordViewController.m */ = {isa = PBXFileReference; fileEncoding = 4; lastKnownFileType = sourcecode.c.objc; path = ObjForgetPasswordViewController.m; sourceTree = "<group>"; };
		F97F0D981B25C621005F3A62 /* ObjForgetPasswordViewController.xib */ = {isa = PBXFileReference; fileEncoding = 4; lastKnownFileType = file.xib; path = ObjForgetPasswordViewController.xib; sourceTree = "<group>"; };
		F97F0D9B1B25C66B005F3A62 /* ObjRegisterViewController.h */ = {isa = PBXFileReference; fileEncoding = 4; lastKnownFileType = sourcecode.c.h; path = ObjRegisterViewController.h; sourceTree = "<group>"; };
		F97F0D9C1B25C66B005F3A62 /* ObjRegisterViewController.m */ = {isa = PBXFileReference; fileEncoding = 4; lastKnownFileType = sourcecode.c.objc; path = ObjRegisterViewController.m; sourceTree = "<group>"; };
		F97F0D9D1B25C66B005F3A62 /* ObjRegisterViewController.xib */ = {isa = PBXFileReference; fileEncoding = 4; lastKnownFileType = file.xib; path = ObjRegisterViewController.xib; sourceTree = "<group>"; };
		F97F0DA11B25C6FE005F3A62 /* ObjUserSettingViewController.h */ = {isa = PBXFileReference; fileEncoding = 4; lastKnownFileType = sourcecode.c.h; path = ObjUserSettingViewController.h; sourceTree = "<group>"; };
		F97F0DA21B25C6FE005F3A62 /* ObjUserSettingViewController.m */ = {isa = PBXFileReference; fileEncoding = 4; lastKnownFileType = sourcecode.c.objc; path = ObjUserSettingViewController.m; sourceTree = "<group>"; };
		F97F0DA31B25C6FE005F3A62 /* ObjUserSettingViewController.xib */ = {isa = PBXFileReference; fileEncoding = 4; lastKnownFileType = file.xib; path = ObjUserSettingViewController.xib; sourceTree = "<group>"; };
		F97F0DAC1B25CF34005F3A62 /* ObjHomeViewController.h */ = {isa = PBXFileReference; fileEncoding = 4; lastKnownFileType = sourcecode.c.h; path = ObjHomeViewController.h; sourceTree = "<group>"; };
		F97F0DAD1B25CF34005F3A62 /* ObjHomeViewController.m */ = {isa = PBXFileReference; fileEncoding = 4; lastKnownFileType = sourcecode.c.objc; path = ObjHomeViewController.m; sourceTree = "<group>"; };
		F97F0DAE1B25CF34005F3A62 /* ObjHomeViewController.xib */ = {isa = PBXFileReference; fileEncoding = 4; lastKnownFileType = file.xib; path = ObjHomeViewController.xib; sourceTree = "<group>"; };
		F97F0DB21B25DD78005F3A62 /* ObjNavigationViewController.h */ = {isa = PBXFileReference; fileEncoding = 4; lastKnownFileType = sourcecode.c.h; path = ObjNavigationViewController.h; sourceTree = "<group>"; };
		F97F0DB31B25DD78005F3A62 /* ObjNavigationViewController.m */ = {isa = PBXFileReference; fileEncoding = 4; lastKnownFileType = sourcecode.c.objc; path = ObjNavigationViewController.m; sourceTree = "<group>"; };
		F993F08D1B3FE2A0009C3E9A /* ObjStoreTabbarController.h */ = {isa = PBXFileReference; fileEncoding = 4; lastKnownFileType = sourcecode.c.h; path = ObjStoreTabbarController.h; sourceTree = "<group>"; };
		F993F08E1B3FE2A0009C3E9A /* ObjStoreTabbarController.m */ = {isa = PBXFileReference; fileEncoding = 4; lastKnownFileType = sourcecode.c.objc; path = ObjStoreTabbarController.m; sourceTree = "<group>"; };
		F993F08F1B3FE2A0009C3E9A /* ObjStoreTabbarController.xib */ = {isa = PBXFileReference; fileEncoding = 4; lastKnownFileType = file.xib; path = ObjStoreTabbarController.xib; sourceTree = "<group>"; };
		F993F0931B3FF222009C3E9A /* ObjTimeShoppingViewController.h */ = {isa = PBXFileReference; fileEncoding = 4; lastKnownFileType = sourcecode.c.h; path = ObjTimeShoppingViewController.h; sourceTree = "<group>"; };
		F993F0941B3FF222009C3E9A /* ObjTimeShoppingViewController.m */ = {isa = PBXFileReference; fileEncoding = 4; lastKnownFileType = sourcecode.c.objc; path = ObjTimeShoppingViewController.m; sourceTree = "<group>"; };
		F993F0951B3FF222009C3E9A /* ObjTimeShoppingViewController.xib */ = {isa = PBXFileReference; fileEncoding = 4; lastKnownFileType = file.xib; path = ObjTimeShoppingViewController.xib; sourceTree = "<group>"; };
		F993F0981B3FF268009C3E9A /* ObjTimeShoppingTableViewCell.h */ = {isa = PBXFileReference; fileEncoding = 4; lastKnownFileType = sourcecode.c.h; path = ObjTimeShoppingTableViewCell.h; sourceTree = "<group>"; };
		F993F0991B3FF268009C3E9A /* ObjTimeShoppingTableViewCell.m */ = {isa = PBXFileReference; fileEncoding = 4; lastKnownFileType = sourcecode.c.objc; path = ObjTimeShoppingTableViewCell.m; sourceTree = "<group>"; };
		F993F09A1B3FF268009C3E9A /* ObjTimeShoppingTableViewCell.xib */ = {isa = PBXFileReference; fileEncoding = 4; lastKnownFileType = file.xib; path = ObjTimeShoppingTableViewCell.xib; sourceTree = "<group>"; };
		F993F09D1B3FFAAE009C3E9A /* ObjShopRecommendViewController.h */ = {isa = PBXFileReference; fileEncoding = 4; lastKnownFileType = sourcecode.c.h; path = ObjShopRecommendViewController.h; sourceTree = "<group>"; };
		F993F09E1B3FFAAE009C3E9A /* ObjShopRecommendViewController.m */ = {isa = PBXFileReference; fileEncoding = 4; lastKnownFileType = sourcecode.c.objc; path = ObjShopRecommendViewController.m; sourceTree = "<group>"; };
		F993F09F1B3FFAAE009C3E9A /* ObjShopRecommendViewController.xib */ = {isa = PBXFileReference; fileEncoding = 4; lastKnownFileType = file.xib; path = ObjShopRecommendViewController.xib; sourceTree = "<group>"; };
		F993F0A21B3FFB4F009C3E9A /* ObjShopRecommendViewCell.h */ = {isa = PBXFileReference; fileEncoding = 4; lastKnownFileType = sourcecode.c.h; path = ObjShopRecommendViewCell.h; sourceTree = "<group>"; };
		F993F0A31B3FFB4F009C3E9A /* ObjShopRecommendViewCell.m */ = {isa = PBXFileReference; fileEncoding = 4; lastKnownFileType = sourcecode.c.objc; path = ObjShopRecommendViewCell.m; sourceTree = "<group>"; };
		F993F0A41B3FFB4F009C3E9A /* ObjShopRecommendViewCell.xib */ = {isa = PBXFileReference; fileEncoding = 4; lastKnownFileType = file.xib; path = ObjShopRecommendViewCell.xib; sourceTree = "<group>"; };
		F99DF2C41B2568D500DB1B75 /* YHENetworkAdapter.h */ = {isa = PBXFileReference; fileEncoding = 4; lastKnownFileType = sourcecode.c.h; path = YHENetworkAdapter.h; sourceTree = "<group>"; };
		F99DF2C51B2568D500DB1B75 /* YHENetworkAdapter.m */ = {isa = PBXFileReference; fileEncoding = 4; lastKnownFileType = sourcecode.c.objc; path = YHENetworkAdapter.m; sourceTree = "<group>"; };
		F99DF2C61B2568D500DB1B75 /* YHENetworkEngine.h */ = {isa = PBXFileReference; fileEncoding = 4; lastKnownFileType = sourcecode.c.h; path = YHENetworkEngine.h; sourceTree = "<group>"; };
		F99DF2C71B2568D500DB1B75 /* YHENetworkEngine.m */ = {isa = PBXFileReference; fileEncoding = 4; lastKnownFileType = sourcecode.c.objc; path = YHENetworkEngine.m; sourceTree = "<group>"; };
		F99DF3091B25696500DB1B75 /* AFHTTPRequestOperation.h */ = {isa = PBXFileReference; fileEncoding = 4; lastKnownFileType = sourcecode.c.h; path = AFHTTPRequestOperation.h; sourceTree = "<group>"; };
		F99DF30A1B25696500DB1B75 /* AFHTTPRequestOperation.m */ = {isa = PBXFileReference; fileEncoding = 4; lastKnownFileType = sourcecode.c.objc; path = AFHTTPRequestOperation.m; sourceTree = "<group>"; };
		F99DF30B1B25696500DB1B75 /* AFHTTPRequestOperationManager.h */ = {isa = PBXFileReference; fileEncoding = 4; lastKnownFileType = sourcecode.c.h; path = AFHTTPRequestOperationManager.h; sourceTree = "<group>"; };
		F99DF30C1B25696500DB1B75 /* AFHTTPRequestOperationManager.m */ = {isa = PBXFileReference; fileEncoding = 4; lastKnownFileType = sourcecode.c.objc; path = AFHTTPRequestOperationManager.m; sourceTree = "<group>"; };
		F99DF30D1B25696500DB1B75 /* AFHTTPSessionManager.h */ = {isa = PBXFileReference; fileEncoding = 4; lastKnownFileType = sourcecode.c.h; path = AFHTTPSessionManager.h; sourceTree = "<group>"; };
		F99DF30E1B25696500DB1B75 /* AFHTTPSessionManager.m */ = {isa = PBXFileReference; fileEncoding = 4; lastKnownFileType = sourcecode.c.objc; path = AFHTTPSessionManager.m; sourceTree = "<group>"; };
		F99DF30F1B25696500DB1B75 /* AFNetworking.h */ = {isa = PBXFileReference; fileEncoding = 4; lastKnownFileType = sourcecode.c.h; path = AFNetworking.h; sourceTree = "<group>"; };
		F99DF3101B25696500DB1B75 /* AFNetworkReachabilityManager.h */ = {isa = PBXFileReference; fileEncoding = 4; lastKnownFileType = sourcecode.c.h; path = AFNetworkReachabilityManager.h; sourceTree = "<group>"; };
		F99DF3111B25696500DB1B75 /* AFNetworkReachabilityManager.m */ = {isa = PBXFileReference; fileEncoding = 4; lastKnownFileType = sourcecode.c.objc; path = AFNetworkReachabilityManager.m; sourceTree = "<group>"; };
		F99DF3121B25696500DB1B75 /* AFSecurityPolicy.h */ = {isa = PBXFileReference; fileEncoding = 4; lastKnownFileType = sourcecode.c.h; path = AFSecurityPolicy.h; sourceTree = "<group>"; };
		F99DF3131B25696500DB1B75 /* AFSecurityPolicy.m */ = {isa = PBXFileReference; fileEncoding = 4; lastKnownFileType = sourcecode.c.objc; path = AFSecurityPolicy.m; sourceTree = "<group>"; };
		F99DF3141B25696500DB1B75 /* AFURLConnectionOperation.h */ = {isa = PBXFileReference; fileEncoding = 4; lastKnownFileType = sourcecode.c.h; path = AFURLConnectionOperation.h; sourceTree = "<group>"; };
		F99DF3151B25696500DB1B75 /* AFURLConnectionOperation.m */ = {isa = PBXFileReference; fileEncoding = 4; lastKnownFileType = sourcecode.c.objc; path = AFURLConnectionOperation.m; sourceTree = "<group>"; };
		F99DF3161B25696500DB1B75 /* AFURLRequestSerialization.h */ = {isa = PBXFileReference; fileEncoding = 4; lastKnownFileType = sourcecode.c.h; path = AFURLRequestSerialization.h; sourceTree = "<group>"; };
		F99DF3171B25696500DB1B75 /* AFURLRequestSerialization.m */ = {isa = PBXFileReference; fileEncoding = 4; lastKnownFileType = sourcecode.c.objc; path = AFURLRequestSerialization.m; sourceTree = "<group>"; };
		F99DF3181B25696500DB1B75 /* AFURLResponseSerialization.h */ = {isa = PBXFileReference; fileEncoding = 4; lastKnownFileType = sourcecode.c.h; path = AFURLResponseSerialization.h; sourceTree = "<group>"; };
		F99DF3191B25696500DB1B75 /* AFURLResponseSerialization.m */ = {isa = PBXFileReference; fileEncoding = 4; lastKnownFileType = sourcecode.c.objc; path = AFURLResponseSerialization.m; sourceTree = "<group>"; };
		F99DF31A1B25696500DB1B75 /* AFURLSessionManager.h */ = {isa = PBXFileReference; fileEncoding = 4; lastKnownFileType = sourcecode.c.h; path = AFURLSessionManager.h; sourceTree = "<group>"; };
		F99DF31B1B25696500DB1B75 /* AFURLSessionManager.m */ = {isa = PBXFileReference; fileEncoding = 4; lastKnownFileType = sourcecode.c.objc; path = AFURLSessionManager.m; sourceTree = "<group>"; };
		F99DF31D1B25696500DB1B75 /* AFNetworkActivityIndicatorManager.h */ = {isa = PBXFileReference; fileEncoding = 4; lastKnownFileType = sourcecode.c.h; path = AFNetworkActivityIndicatorManager.h; sourceTree = "<group>"; };
		F99DF31E1B25696500DB1B75 /* AFNetworkActivityIndicatorManager.m */ = {isa = PBXFileReference; fileEncoding = 4; lastKnownFileType = sourcecode.c.objc; path = AFNetworkActivityIndicatorManager.m; sourceTree = "<group>"; };
		F99DF31F1B25696500DB1B75 /* UIActivityIndicatorView+AFNetworking.h */ = {isa = PBXFileReference; fileEncoding = 4; lastKnownFileType = sourcecode.c.h; path = "UIActivityIndicatorView+AFNetworking.h"; sourceTree = "<group>"; };
		F99DF3201B25696500DB1B75 /* UIActivityIndicatorView+AFNetworking.m */ = {isa = PBXFileReference; fileEncoding = 4; lastKnownFileType = sourcecode.c.objc; path = "UIActivityIndicatorView+AFNetworking.m"; sourceTree = "<group>"; };
		F99DF3211B25696500DB1B75 /* UIAlertView+AFNetworking.h */ = {isa = PBXFileReference; fileEncoding = 4; lastKnownFileType = sourcecode.c.h; path = "UIAlertView+AFNetworking.h"; sourceTree = "<group>"; };
		F99DF3221B25696500DB1B75 /* UIAlertView+AFNetworking.m */ = {isa = PBXFileReference; fileEncoding = 4; lastKnownFileType = sourcecode.c.objc; path = "UIAlertView+AFNetworking.m"; sourceTree = "<group>"; };
		F99DF3231B25696500DB1B75 /* UIButton+AFNetworking.h */ = {isa = PBXFileReference; fileEncoding = 4; lastKnownFileType = sourcecode.c.h; path = "UIButton+AFNetworking.h"; sourceTree = "<group>"; };
		F99DF3241B25696500DB1B75 /* UIButton+AFNetworking.m */ = {isa = PBXFileReference; fileEncoding = 4; lastKnownFileType = sourcecode.c.objc; path = "UIButton+AFNetworking.m"; sourceTree = "<group>"; };
		F99DF3251B25696500DB1B75 /* UIImageView+AFNetworking.h */ = {isa = PBXFileReference; fileEncoding = 4; lastKnownFileType = sourcecode.c.h; path = "UIImageView+AFNetworking.h"; sourceTree = "<group>"; };
		F99DF3261B25696500DB1B75 /* UIImageView+AFNetworking.m */ = {isa = PBXFileReference; fileEncoding = 4; lastKnownFileType = sourcecode.c.objc; path = "UIImageView+AFNetworking.m"; sourceTree = "<group>"; };
		F99DF3271B25696500DB1B75 /* UIKit+AFNetworking.h */ = {isa = PBXFileReference; fileEncoding = 4; lastKnownFileType = sourcecode.c.h; path = "UIKit+AFNetworking.h"; sourceTree = "<group>"; };
		F99DF3281B25696500DB1B75 /* UIProgressView+AFNetworking.h */ = {isa = PBXFileReference; fileEncoding = 4; lastKnownFileType = sourcecode.c.h; path = "UIProgressView+AFNetworking.h"; sourceTree = "<group>"; };
		F99DF3291B25696500DB1B75 /* UIProgressView+AFNetworking.m */ = {isa = PBXFileReference; fileEncoding = 4; lastKnownFileType = sourcecode.c.objc; path = "UIProgressView+AFNetworking.m"; sourceTree = "<group>"; };
		F99DF32A1B25696500DB1B75 /* UIRefreshControl+AFNetworking.h */ = {isa = PBXFileReference; fileEncoding = 4; lastKnownFileType = sourcecode.c.h; path = "UIRefreshControl+AFNetworking.h"; sourceTree = "<group>"; };
		F99DF32B1B25696500DB1B75 /* UIRefreshControl+AFNetworking.m */ = {isa = PBXFileReference; fileEncoding = 4; lastKnownFileType = sourcecode.c.objc; path = "UIRefreshControl+AFNetworking.m"; sourceTree = "<group>"; };
		F99DF32C1B25696500DB1B75 /* UIWebView+AFNetworking.h */ = {isa = PBXFileReference; fileEncoding = 4; lastKnownFileType = sourcecode.c.h; path = "UIWebView+AFNetworking.h"; sourceTree = "<group>"; };
		F99DF32D1B25696500DB1B75 /* UIWebView+AFNetworking.m */ = {isa = PBXFileReference; fileEncoding = 4; lastKnownFileType = sourcecode.c.objc; path = "UIWebView+AFNetworking.m"; sourceTree = "<group>"; };
		F99DF32F1B25696500DB1B75 /* MBProgressHUD.h */ = {isa = PBXFileReference; fileEncoding = 4; lastKnownFileType = sourcecode.c.h; path = MBProgressHUD.h; sourceTree = "<group>"; };
		F99DF3301B25696500DB1B75 /* MBProgressHUD.m */ = {isa = PBXFileReference; fileEncoding = 4; lastKnownFileType = sourcecode.c.objc; path = MBProgressHUD.m; sourceTree = "<group>"; };
		F99DF3311B25696500DB1B75 /* YHEProgressHUD.h */ = {isa = PBXFileReference; fileEncoding = 4; lastKnownFileType = sourcecode.c.h; path = YHEProgressHUD.h; sourceTree = "<group>"; };
		F99DF3321B25696500DB1B75 /* YHEProgressHUD.m */ = {isa = PBXFileReference; fileEncoding = 4; lastKnownFileType = sourcecode.c.objc; path = YHEProgressHUD.m; sourceTree = "<group>"; };
		F99DF3471B256A2200DB1B75 /* YHNetworkUserAgent.h */ = {isa = PBXFileReference; fileEncoding = 4; lastKnownFileType = sourcecode.c.h; path = YHNetworkUserAgent.h; sourceTree = "<group>"; };
		F99DF3481B256A2200DB1B75 /* YHNetworkUserAgent.m */ = {isa = PBXFileReference; fileEncoding = 4; lastKnownFileType = sourcecode.c.objc; path = YHNetworkUserAgent.m; sourceTree = "<group>"; };
		F99DF34B1B256A6E00DB1B75 /* OpenUDID.h */ = {isa = PBXFileReference; fileEncoding = 4; lastKnownFileType = sourcecode.c.h; path = OpenUDID.h; sourceTree = "<group>"; };
		F99DF34C1B256A6E00DB1B75 /* OpenUDID.m */ = {isa = PBXFileReference; fileEncoding = 4; lastKnownFileType = sourcecode.c.objc; path = OpenUDID.m; sourceTree = "<group>"; };
		F99DF34E1B256CA400DB1B75 /* tenMile.pch */ = {isa = PBXFileReference; fileEncoding = 4; lastKnownFileType = sourcecode.c.h; path = tenMile.pch; sourceTree = SOURCE_ROOT; };
		F99DF3521B25736A00DB1B75 /* SystemConfiguration.framework */ = {isa = PBXFileReference; lastKnownFileType = wrapper.framework; name = SystemConfiguration.framework; path = System/Library/Frameworks/SystemConfiguration.framework; sourceTree = SDKROOT; };
		F99DF3541B2573A000DB1B75 /* MobileCoreServices.framework */ = {isa = PBXFileReference; lastKnownFileType = wrapper.framework; name = MobileCoreServices.framework; path = System/Library/Frameworks/MobileCoreServices.framework; sourceTree = SDKROOT; };
		F99DF35C1B2575CB00DB1B75 /* NSData+MKBase64.h */ = {isa = PBXFileReference; fileEncoding = 4; lastKnownFileType = sourcecode.c.h; path = "NSData+MKBase64.h"; sourceTree = "<group>"; };
		F99DF35D1B2575CB00DB1B75 /* NSData+MKBase64.m */ = {isa = PBXFileReference; fileEncoding = 4; lastKnownFileType = sourcecode.c.objc; path = "NSData+MKBase64.m"; sourceTree = "<group>"; };
		F99DF35E1B2575CB00DB1B75 /* NSDate+RFC1123.h */ = {isa = PBXFileReference; fileEncoding = 4; lastKnownFileType = sourcecode.c.h; path = "NSDate+RFC1123.h"; sourceTree = "<group>"; };
		F99DF35F1B2575CB00DB1B75 /* NSDate+RFC1123.m */ = {isa = PBXFileReference; fileEncoding = 4; lastKnownFileType = sourcecode.c.objc; path = "NSDate+RFC1123.m"; sourceTree = "<group>"; };
		F99DF3601B2575CB00DB1B75 /* NSDictionary+RequestEncoding.h */ = {isa = PBXFileReference; fileEncoding = 4; lastKnownFileType = sourcecode.c.h; path = "NSDictionary+RequestEncoding.h"; sourceTree = "<group>"; };
		F99DF3611B2575CB00DB1B75 /* NSDictionary+RequestEncoding.m */ = {isa = PBXFileReference; fileEncoding = 4; lastKnownFileType = sourcecode.c.objc; path = "NSDictionary+RequestEncoding.m"; sourceTree = "<group>"; };
		F99DF3621B2575CB00DB1B75 /* NSString+MKNetworkKitAdditions.h */ = {isa = PBXFileReference; fileEncoding = 4; lastKnownFileType = sourcecode.c.h; path = "NSString+MKNetworkKitAdditions.h"; sourceTree = "<group>"; };
		F99DF3631B2575CB00DB1B75 /* NSString+MKNetworkKitAdditions.m */ = {isa = PBXFileReference; fileEncoding = 4; lastKnownFileType = sourcecode.c.objc; path = "NSString+MKNetworkKitAdditions.m"; sourceTree = "<group>"; };
		F99DF3641B2575CB00DB1B75 /* UIAlertView+MKNetworkKitAdditions.h */ = {isa = PBXFileReference; fileEncoding = 4; lastKnownFileType = sourcecode.c.h; path = "UIAlertView+MKNetworkKitAdditions.h"; sourceTree = "<group>"; };
		F99DF3651B2575CB00DB1B75 /* UIAlertView+MKNetworkKitAdditions.m */ = {isa = PBXFileReference; fileEncoding = 4; lastKnownFileType = sourcecode.c.objc; path = "UIAlertView+MKNetworkKitAdditions.m"; sourceTree = "<group>"; };
		F99DF3661B2575CB00DB1B75 /* UIImageView+MKNetworkKitAdditions.h */ = {isa = PBXFileReference; fileEncoding = 4; lastKnownFileType = sourcecode.c.h; path = "UIImageView+MKNetworkKitAdditions.h"; sourceTree = "<group>"; };
		F99DF3671B2575CB00DB1B75 /* UIImageView+MKNetworkKitAdditions.m */ = {isa = PBXFileReference; fileEncoding = 4; lastKnownFileType = sourcecode.c.objc; path = "UIImageView+MKNetworkKitAdditions.m"; sourceTree = "<group>"; };
		F99DF3681B2575CB00DB1B75 /* MKNetworkEngine.h */ = {isa = PBXFileReference; fileEncoding = 4; lastKnownFileType = sourcecode.c.h; path = MKNetworkEngine.h; sourceTree = "<group>"; };
		F99DF3691B2575CB00DB1B75 /* MKNetworkEngine.m */ = {isa = PBXFileReference; fileEncoding = 4; lastKnownFileType = sourcecode.c.objc; path = MKNetworkEngine.m; sourceTree = "<group>"; };
		F99DF36A1B2575CB00DB1B75 /* MKNetworkKit.h */ = {isa = PBXFileReference; fileEncoding = 4; lastKnownFileType = sourcecode.c.h; path = MKNetworkKit.h; sourceTree = "<group>"; };
		F99DF36B1B2575CB00DB1B75 /* MKNetworkOperation.h */ = {isa = PBXFileReference; fileEncoding = 4; lastKnownFileType = sourcecode.c.h; path = MKNetworkOperation.h; sourceTree = "<group>"; };
		F99DF36C1B2575CB00DB1B75 /* MKNetworkOperation.m */ = {isa = PBXFileReference; fileEncoding = 4; lastKnownFileType = sourcecode.c.objc; path = MKNetworkOperation.m; sourceTree = "<group>"; };
		F99DF36E1B2575CB00DB1B75 /* Reachability.h */ = {isa = PBXFileReference; fileEncoding = 4; lastKnownFileType = sourcecode.c.h; path = Reachability.h; sourceTree = "<group>"; };
		F99DF36F1B2575CB00DB1B75 /* Reachability.m */ = {isa = PBXFileReference; fileEncoding = 4; lastKnownFileType = sourcecode.c.objc; path = Reachability.m; sourceTree = "<group>"; };
		F99DF3791B2576DA00DB1B75 /* Constants.h */ = {isa = PBXFileReference; fileEncoding = 4; lastKnownFileType = sourcecode.c.h; path = Constants.h; sourceTree = "<group>"; };
		F99DF37B1B257F2A00DB1B75 /* ObjLoginUser.h */ = {isa = PBXFileReference; fileEncoding = 4; lastKnownFileType = sourcecode.c.h; path = ObjLoginUser.h; sourceTree = "<group>"; };
		F99DF37C1B257F2A00DB1B75 /* ObjLoginUser.m */ = {isa = PBXFileReference; fileEncoding = 4; lastKnownFileType = sourcecode.c.objc; path = ObjLoginUser.m; sourceTree = "<group>"; };
		F99DF37E1B25969000DB1B75 /* YHLogger.h */ = {isa = PBXFileReference; fileEncoding = 4; lastKnownFileType = sourcecode.c.h; path = YHLogger.h; sourceTree = "<group>"; };
		F99DF37F1B25969000DB1B75 /* YHLogger.m */ = {isa = PBXFileReference; fileEncoding = 4; lastKnownFileType = sourcecode.c.objc; path = YHLogger.m; sourceTree = "<group>"; };
		F99DF3821B2597A200DB1B75 /* LoggerClient.h */ = {isa = PBXFileReference; fileEncoding = 4; lastKnownFileType = sourcecode.c.h; path = LoggerClient.h; sourceTree = "<group>"; };
		F99DF3831B2597A200DB1B75 /* LoggerClient.m */ = {isa = PBXFileReference; fileEncoding = 4; lastKnownFileType = sourcecode.c.objc; path = LoggerClient.m; sourceTree = "<group>"; };
		F99DF3841B2597A200DB1B75 /* LoggerCommon.h */ = {isa = PBXFileReference; fileEncoding = 4; lastKnownFileType = sourcecode.c.h; path = LoggerCommon.h; sourceTree = "<group>"; };
		F99DF3861B25997000DB1B75 /* YHEMKNetworkEngine.h */ = {isa = PBXFileReference; fileEncoding = 4; lastKnownFileType = sourcecode.c.h; path = YHEMKNetworkEngine.h; sourceTree = "<group>"; };
		F99DF3871B25997000DB1B75 /* YHEMKNetworkEngine.m */ = {isa = PBXFileReference; fileEncoding = 4; lastKnownFileType = sourcecode.c.objc; path = YHEMKNetworkEngine.m; sourceTree = "<group>"; };
		F99DF3881B25997000DB1B75 /* YHENetworkOperation.h */ = {isa = PBXFileReference; fileEncoding = 4; lastKnownFileType = sourcecode.c.h; path = YHENetworkOperation.h; sourceTree = "<group>"; };
		F99DF3891B25997000DB1B75 /* YHENetworkOperation.m */ = {isa = PBXFileReference; fileEncoding = 4; lastKnownFileType = sourcecode.c.objc; path = YHENetworkOperation.m; sourceTree = "<group>"; };
		F99DF38C1B2599E800DB1B75 /* YHAssistant.h */ = {isa = PBXFileReference; fileEncoding = 4; lastKnownFileType = sourcecode.c.h; path = YHAssistant.h; sourceTree = "<group>"; };
		F99DF38D1B2599E800DB1B75 /* YHAssistant.m */ = {isa = PBXFileReference; fileEncoding = 4; lastKnownFileType = sourcecode.c.objc; path = YHAssistant.m; sourceTree = "<group>"; };
		F99DF3901B259C4800DB1B75 /* pinyin.h */ = {isa = PBXFileReference; fileEncoding = 4; lastKnownFileType = sourcecode.c.h; path = pinyin.h; sourceTree = "<group>"; };
		F99DF3911B259C4800DB1B75 /* pinyin.m */ = {isa = PBXFileReference; fileEncoding = 4; lastKnownFileType = sourcecode.c.objc; path = pinyin.m; sourceTree = "<group>"; };
/* End PBXFileReference section */

/* Begin PBXFrameworksBuildPhase section */
		F92232D31B25456A00653DB0 /* Frameworks */ = {
			isa = PBXFrameworksBuildPhase;
			buildActionMask = 2147483647;
			files = (
				F93106FC1B26D804006CB718 /* WebImage.framework in Frameworks */,
				F99DF3551B2573A000DB1B75 /* MobileCoreServices.framework in Frameworks */,
				F99DF3531B25736A00DB1B75 /* SystemConfiguration.framework in Frameworks */,
			);
			runOnlyForDeploymentPostprocessing = 0;
		};
		F92232EC1B25456A00653DB0 /* Frameworks */ = {
			isa = PBXFrameworksBuildPhase;
			buildActionMask = 2147483647;
			files = (
			);
			runOnlyForDeploymentPostprocessing = 0;
		};
/* End PBXFrameworksBuildPhase section */

/* Begin PBXGroup section */
		F92232CD1B25456A00653DB0 = {
			isa = PBXGroup;
			children = (
				F93106FB1B26D804006CB718 /* WebImage.framework */,
				F99DF3541B2573A000DB1B75 /* MobileCoreServices.framework */,
				F99DF3521B25736A00DB1B75 /* SystemConfiguration.framework */,
				F92232D81B25456A00653DB0 /* tenMile */,
				F92232F21B25456A00653DB0 /* tenMileTests */,
				F92232D71B25456A00653DB0 /* Products */,
			);
			sourceTree = "<group>";
		};
		F92232D71B25456A00653DB0 /* Products */ = {
			isa = PBXGroup;
			children = (
				F92232D61B25456A00653DB0 /* tenMile.app */,
				F92232EF1B25456A00653DB0 /* tenMileTests.xctest */,
			);
			name = Products;
			sourceTree = "<group>";
		};
		F92232D81B25456A00653DB0 /* tenMile */ = {
			isa = PBXGroup;
			children = (
				F97F0D871B25C50A005F3A62 /* Views */,
				F92232DD1B25456A00653DB0 /* AppDelegate.h */,
				F92232DE1B25456A00653DB0 /* AppDelegate.m */,
				F97F0D891B25C56D005F3A62 /* ObjViewController.h */,
				F97F0D8A1B25C56D005F3A62 /* ObjViewController.m */,
				F97F0DB21B25DD78005F3A62 /* ObjNavigationViewController.h */,
				F97F0DB31B25DD78005F3A62 /* ObjNavigationViewController.m */,
				F96B59D81B3EE185000EA4AE /* ObjNormalTabbarController.h */,
				F96B59D91B3EE185000EA4AE /* ObjNormalTabbarController.m */,
				F96B59DA1B3EE185000EA4AE /* ObjNormalTabbarController.xib */,
				F993F08D1B3FE2A0009C3E9A /* ObjStoreTabbarController.h */,
				F993F08E1B3FE2A0009C3E9A /* ObjStoreTabbarController.m */,
				F993F08F1B3FE2A0009C3E9A /* ObjStoreTabbarController.xib */,
				F92232E61B25456A00653DB0 /* Images.xcassets */,
				F93106FD1B26E39F006CB718 /* Masonry */,
				F99DF38F1B259C4800DB1B75 /* pinyin */,
				F99DF3811B2597A200DB1B75 /* NSLogger */,
				F99DF37A1B257F0300DB1B75 /* Login */,
				F99DF35A1B2575CB00DB1B75 /* MKNetworkKit */,
				F99DF34A1B256A6E00DB1B75 /* OpenUDID */,
				F99DF3461B256A2200DB1B75 /* Utils */,
				F99DF3081B25696500DB1B75 /* AFNetworking */,
				F99DF32E1B25696500DB1B75 /* MBProgressHUD */,
				F99DF2C31B2568D500DB1B75 /* Networking */,
				F92232D91B25456A00653DB0 /* Supporting Files */,
			);
			path = tenMile;
			sourceTree = "<group>";
		};
		F92232D91B25456A00653DB0 /* Supporting Files */ = {
			isa = PBXGroup;
			children = (
				F99DF34E1B256CA400DB1B75 /* tenMile.pch */,
				F99DF3791B2576DA00DB1B75 /* Constants.h */,
				F92232DA1B25456A00653DB0 /* Info.plist */,
				F92232DB1B25456A00653DB0 /* main.m */,
			);
			name = "Supporting Files";
			sourceTree = "<group>";
		};
		F92232F21B25456A00653DB0 /* tenMileTests */ = {
			isa = PBXGroup;
			children = (
				F92232F51B25456A00653DB0 /* tenMileTests.m */,
				F92232F31B25456A00653DB0 /* Supporting Files */,
			);
			path = tenMileTests;
			sourceTree = "<group>";
		};
		F92232F31B25456A00653DB0 /* Supporting Files */ = {
			isa = PBXGroup;
			children = (
				F92232F41B25456A00653DB0 /* Info.plist */,
			);
			name = "Supporting Files";
			sourceTree = "<group>";
		};
		F93106FD1B26E39F006CB718 /* Masonry */ = {
			isa = PBXGroup;
			children = (
				F93106FE1B26E39F006CB718 /* MASCompositeConstraint.h */,
				F93106FF1B26E39F006CB718 /* MASCompositeConstraint.m */,
				F93107001B26E39F006CB718 /* MASConstraint+Private.h */,
				F93107011B26E39F006CB718 /* MASConstraint.h */,
				F93107021B26E39F006CB718 /* MASConstraint.m */,
				F93107031B26E39F006CB718 /* MASConstraintMaker.h */,
				F93107041B26E39F006CB718 /* MASConstraintMaker.m */,
				F93107051B26E39F006CB718 /* MASLayoutConstraint.h */,
				F93107061B26E39F006CB718 /* MASLayoutConstraint.m */,
				F93107071B26E39F006CB718 /* Masonry.h */,
				F93107081B26E39F006CB718 /* MASUtilities.h */,
				F93107091B26E39F006CB718 /* MASViewAttribute.h */,
				F931070A1B26E39F006CB718 /* MASViewAttribute.m */,
				F931070B1B26E39F006CB718 /* MASViewConstraint.h */,
				F931070C1B26E39F006CB718 /* MASViewConstraint.m */,
				F931070D1B26E39F006CB718 /* NSArray+MASAdditions.h */,
				F931070E1B26E39F006CB718 /* NSArray+MASAdditions.m */,
				F931070F1B26E39F006CB718 /* NSArray+MASShorthandAdditions.h */,
				F93107101B26E39F006CB718 /* NSLayoutConstraint+MASDebugAdditions.h */,
				F93107111B26E39F006CB718 /* NSLayoutConstraint+MASDebugAdditions.m */,
				F93107121B26E39F006CB718 /* View+MASAdditions.h */,
				F93107131B26E39F006CB718 /* View+MASAdditions.m */,
				F93107141B26E39F006CB718 /* View+MASShorthandAdditions.h */,
			);
			path = Masonry;
			sourceTree = "<group>";
		};
		F96B598B1B3E4818000EA4AE /* customViews */ = {
			isa = PBXGroup;
			children = (
				F96B598C1B3E4820000EA4AE /* ObjSegmentView.h */,
				F96B598D1B3E4820000EA4AE /* ObjSegmentView.m */,
			);
			path = customViews;
			sourceTree = "<group>";
		};
		F96B81291B286C3700920E5E /* shoppingCartViews */ = {
			isa = PBXGroup;
			children = (
				F96B81301B286C6B00920E5E /* ObjCartViewController.h */,
				F96B81311B286C6B00920E5E /* ObjCartViewController.m */,
				F96B81321B286C6B00920E5E /* ObjCartViewController.xib */,
			);
			path = shoppingCartViews;
			sourceTree = "<group>";
		};
		F96B812A1B286C3700920E5E /* storeViews */ = {
			isa = PBXGroup;
			children = (
				F96B812B1B286C5900920E5E /* ObjStoresViewController.h */,
				F96B812C1B286C5900920E5E /* ObjStoresViewController.m */,
				F96B812D1B286C5900920E5E /* ObjStoresViewController.xib */,
				F96B59821B3E412E000EA4AE /* ObjDiningOutViewController.h */,
				F96B59831B3E412E000EA4AE /* ObjDiningOutViewController.m */,
				F96B59841B3E412E000EA4AE /* ObjDiningOutViewController.xib */,
				F96B598F1B3E574A000EA4AE /* ObjDiningOutTableViewCell.h */,
				F96B59901B3E574A000EA4AE /* ObjDiningOutTableViewCell.m */,
				F96B59911B3E574A000EA4AE /* ObjDiningOutTableViewCell.xib */,
				F993F0931B3FF222009C3E9A /* ObjTimeShoppingViewController.h */,
				F993F0941B3FF222009C3E9A /* ObjTimeShoppingViewController.m */,
				F993F0951B3FF222009C3E9A /* ObjTimeShoppingViewController.xib */,
				F993F0981B3FF268009C3E9A /* ObjTimeShoppingTableViewCell.h */,
				F993F0991B3FF268009C3E9A /* ObjTimeShoppingTableViewCell.m */,
				F993F09A1B3FF268009C3E9A /* ObjTimeShoppingTableViewCell.xib */,
				F993F09D1B3FFAAE009C3E9A /* ObjShopRecommendViewController.h */,
				F993F09E1B3FFAAE009C3E9A /* ObjShopRecommendViewController.m */,
				F993F09F1B3FFAAE009C3E9A /* ObjShopRecommendViewController.xib */,
				F993F0A21B3FFB4F009C3E9A /* ObjShopRecommendViewCell.h */,
				F993F0A31B3FFB4F009C3E9A /* ObjShopRecommendViewCell.m */,
				F993F0A41B3FFB4F009C3E9A /* ObjShopRecommendViewCell.xib */,
			);
			path = storeViews;
			sourceTree = "<group>";
		};
		F97F0D871B25C50A005F3A62 /* Views */ = {
			isa = PBXGroup;
			children = (
				F96B598B1B3E4818000EA4AE /* customViews */,
				F96B81291B286C3700920E5E /* shoppingCartViews */,
				F96B812A1B286C3700920E5E /* storeViews */,
				F97F0DAB1B25CF1F005F3A62 /* homeViews */,
				F97F0DA01B25C6D6005F3A62 /* mineViews */,
				F97F0D881B25C50A005F3A62 /* loginViews */,
			);
			path = Views;
			sourceTree = "<group>";
		};
		F97F0D881B25C50A005F3A62 /* loginViews */ = {
			isa = PBXGroup;
			children = (
				F97F0D8C1B25C5B6005F3A62 /* ObjLoginViewController.h */,
				F97F0D8D1B25C5B6005F3A62 /* ObjLoginViewController.m */,
				F97F0D8E1B25C5B6005F3A62 /* ObjLoginViewController.xib */,
				F97F0D961B25C621005F3A62 /* ObjForgetPasswordViewController.h */,
				F97F0D971B25C621005F3A62 /* ObjForgetPasswordViewController.m */,
				F97F0D981B25C621005F3A62 /* ObjForgetPasswordViewController.xib */,
				F97F0D911B25C5F3005F3A62 /* ObjRestPasswordViewController.h */,
				F97F0D921B25C5F3005F3A62 /* ObjRestPasswordViewController.m */,
				F97F0D931B25C5F3005F3A62 /* ObjRestPasswordViewController.xib */,
				F97F0D9B1B25C66B005F3A62 /* ObjRegisterViewController.h */,
				F97F0D9C1B25C66B005F3A62 /* ObjRegisterViewController.m */,
				F97F0D9D1B25C66B005F3A62 /* ObjRegisterViewController.xib */,
			);
			path = loginViews;
			sourceTree = "<group>";
		};
		F97F0DA01B25C6D6005F3A62 /* mineViews */ = {
			isa = PBXGroup;
			children = (
				F97F0DA11B25C6FE005F3A62 /* ObjUserSettingViewController.h */,
				F97F0DA21B25C6FE005F3A62 /* ObjUserSettingViewController.m */,
				F97F0DA31B25C6FE005F3A62 /* ObjUserSettingViewController.xib */,
				F96B81351B28790F00920E5E /* ObjUserSettingTableViewCell.h */,
				F96B81361B28790F00920E5E /* ObjUserSettingTableViewCell.m */,
				F96B81371B28790F00920E5E /* ObjUserSettingTableViewCell.xib */,
				F96B813A1B28806100920E5E /* ObjMyOrderViewController.h */,
				F96B813B1B28806100920E5E /* ObjMyOrderViewController.m */,
				F96B813C1B28806100920E5E /* ObjMyOrderViewController.xib */,
				F9269D0C1B29B980002D2036 /* ObjMyStoreViewController.h */,
				F9269D0D1B29B980002D2036 /* ObjMyStoreViewController.m */,
				F9269D0E1B29B980002D2036 /* ObjMyStoreViewController.xib */,
				F9269D021B29B913002D2036 /* ObjMyPublishViewController.h */,
				F9269D031B29B913002D2036 /* ObjMyPublishViewController.m */,
				F9269D041B29B913002D2036 /* ObjMyPublishViewController.xib */,
				F9269D071B29B956002D2036 /* ObjMyDiscountViewController.h */,
				F9269D081B29B956002D2036 /* ObjMyDiscountViewController.m */,
				F9269D091B29B956002D2036 /* ObjMyDiscountViewController.xib */,
				F9269CFD1B29B7BF002D2036 /* ObjStoreCollectionViewController.h */,
				F9269CFE1B29B7BF002D2036 /* ObjStoreCollectionViewController.m */,
				F9269CFF1B29B7BF002D2036 /* ObjStoreCollectionViewController.xib */,
			);
			path = mineViews;
			sourceTree = "<group>";
		};
		F97F0DAB1B25CF1F005F3A62 /* homeViews */ = {
			isa = PBXGroup;
			children = (
				F97F0DAC1B25CF34005F3A62 /* ObjHomeViewController.h */,
				F97F0DAD1B25CF34005F3A62 /* ObjHomeViewController.m */,
				F97F0DAE1B25CF34005F3A62 /* ObjHomeViewController.xib */,
			);
			path = homeViews;
			sourceTree = "<group>";
		};
		F99DF2C31B2568D500DB1B75 /* Networking */ = {
			isa = PBXGroup;
			children = (
				F99DF3861B25997000DB1B75 /* YHEMKNetworkEngine.h */,
				F99DF3871B25997000DB1B75 /* YHEMKNetworkEngine.m */,
				F99DF3881B25997000DB1B75 /* YHENetworkOperation.h */,
				F99DF3891B25997000DB1B75 /* YHENetworkOperation.m */,
				F99DF2C41B2568D500DB1B75 /* YHENetworkAdapter.h */,
				F99DF2C51B2568D500DB1B75 /* YHENetworkAdapter.m */,
				F99DF2C61B2568D500DB1B75 /* YHENetworkEngine.h */,
				F99DF2C71B2568D500DB1B75 /* YHENetworkEngine.m */,
			);
			path = Networking;
			sourceTree = "<group>";
		};
		F99DF3081B25696500DB1B75 /* AFNetworking */ = {
			isa = PBXGroup;
			children = (
				F99DF3091B25696500DB1B75 /* AFHTTPRequestOperation.h */,
				F99DF30A1B25696500DB1B75 /* AFHTTPRequestOperation.m */,
				F99DF30B1B25696500DB1B75 /* AFHTTPRequestOperationManager.h */,
				F99DF30C1B25696500DB1B75 /* AFHTTPRequestOperationManager.m */,
				F99DF30D1B25696500DB1B75 /* AFHTTPSessionManager.h */,
				F99DF30E1B25696500DB1B75 /* AFHTTPSessionManager.m */,
				F99DF30F1B25696500DB1B75 /* AFNetworking.h */,
				F99DF3101B25696500DB1B75 /* AFNetworkReachabilityManager.h */,
				F99DF3111B25696500DB1B75 /* AFNetworkReachabilityManager.m */,
				F99DF3121B25696500DB1B75 /* AFSecurityPolicy.h */,
				F99DF3131B25696500DB1B75 /* AFSecurityPolicy.m */,
				F99DF3141B25696500DB1B75 /* AFURLConnectionOperation.h */,
				F99DF3151B25696500DB1B75 /* AFURLConnectionOperation.m */,
				F99DF3161B25696500DB1B75 /* AFURLRequestSerialization.h */,
				F99DF3171B25696500DB1B75 /* AFURLRequestSerialization.m */,
				F99DF3181B25696500DB1B75 /* AFURLResponseSerialization.h */,
				F99DF3191B25696500DB1B75 /* AFURLResponseSerialization.m */,
				F99DF31A1B25696500DB1B75 /* AFURLSessionManager.h */,
				F99DF31B1B25696500DB1B75 /* AFURLSessionManager.m */,
				F99DF31C1B25696500DB1B75 /* UIKit+AFNetworking */,
			);
			path = AFNetworking;
			sourceTree = "<group>";
		};
		F99DF31C1B25696500DB1B75 /* UIKit+AFNetworking */ = {
			isa = PBXGroup;
			children = (
				F99DF31D1B25696500DB1B75 /* AFNetworkActivityIndicatorManager.h */,
				F99DF31E1B25696500DB1B75 /* AFNetworkActivityIndicatorManager.m */,
				F99DF31F1B25696500DB1B75 /* UIActivityIndicatorView+AFNetworking.h */,
				F99DF3201B25696500DB1B75 /* UIActivityIndicatorView+AFNetworking.m */,
				F99DF3211B25696500DB1B75 /* UIAlertView+AFNetworking.h */,
				F99DF3221B25696500DB1B75 /* UIAlertView+AFNetworking.m */,
				F99DF3231B25696500DB1B75 /* UIButton+AFNetworking.h */,
				F99DF3241B25696500DB1B75 /* UIButton+AFNetworking.m */,
				F99DF3251B25696500DB1B75 /* UIImageView+AFNetworking.h */,
				F99DF3261B25696500DB1B75 /* UIImageView+AFNetworking.m */,
				F99DF3271B25696500DB1B75 /* UIKit+AFNetworking.h */,
				F99DF3281B25696500DB1B75 /* UIProgressView+AFNetworking.h */,
				F99DF3291B25696500DB1B75 /* UIProgressView+AFNetworking.m */,
				F99DF32A1B25696500DB1B75 /* UIRefreshControl+AFNetworking.h */,
				F99DF32B1B25696500DB1B75 /* UIRefreshControl+AFNetworking.m */,
				F99DF32C1B25696500DB1B75 /* UIWebView+AFNetworking.h */,
				F99DF32D1B25696500DB1B75 /* UIWebView+AFNetworking.m */,
			);
			path = "UIKit+AFNetworking";
			sourceTree = "<group>";
		};
		F99DF32E1B25696500DB1B75 /* MBProgressHUD */ = {
			isa = PBXGroup;
			children = (
				F99DF32F1B25696500DB1B75 /* MBProgressHUD.h */,
				F99DF3301B25696500DB1B75 /* MBProgressHUD.m */,
				F99DF3311B25696500DB1B75 /* YHEProgressHUD.h */,
				F99DF3321B25696500DB1B75 /* YHEProgressHUD.m */,
			);
			path = MBProgressHUD;
			sourceTree = "<group>";
		};
		F99DF3461B256A2200DB1B75 /* Utils */ = {
			isa = PBXGroup;
			children = (
				F99DF38C1B2599E800DB1B75 /* YHAssistant.h */,
				F99DF38D1B2599E800DB1B75 /* YHAssistant.m */,
				F99DF3471B256A2200DB1B75 /* YHNetworkUserAgent.h */,
				F99DF3481B256A2200DB1B75 /* YHNetworkUserAgent.m */,
				F99DF37E1B25969000DB1B75 /* YHLogger.h */,
				F99DF37F1B25969000DB1B75 /* YHLogger.m */,
			);
			path = Utils;
			sourceTree = "<group>";
		};
		F99DF34A1B256A6E00DB1B75 /* OpenUDID */ = {
			isa = PBXGroup;
			children = (
				F99DF34B1B256A6E00DB1B75 /* OpenUDID.h */,
				F99DF34C1B256A6E00DB1B75 /* OpenUDID.m */,
			);
			path = OpenUDID;
			sourceTree = "<group>";
		};
		F99DF35A1B2575CB00DB1B75 /* MKNetworkKit */ = {
			isa = PBXGroup;
			children = (
				F99DF35B1B2575CB00DB1B75 /* Categories */,
				F99DF3681B2575CB00DB1B75 /* MKNetworkEngine.h */,
				F99DF3691B2575CB00DB1B75 /* MKNetworkEngine.m */,
				F99DF36A1B2575CB00DB1B75 /* MKNetworkKit.h */,
				F99DF36B1B2575CB00DB1B75 /* MKNetworkOperation.h */,
				F99DF36C1B2575CB00DB1B75 /* MKNetworkOperation.m */,
				F99DF36D1B2575CB00DB1B75 /* Reachability */,
			);
			path = MKNetworkKit;
			sourceTree = "<group>";
		};
		F99DF35B1B2575CB00DB1B75 /* Categories */ = {
			isa = PBXGroup;
			children = (
				F99DF35C1B2575CB00DB1B75 /* NSData+MKBase64.h */,
				F99DF35D1B2575CB00DB1B75 /* NSData+MKBase64.m */,
				F99DF35E1B2575CB00DB1B75 /* NSDate+RFC1123.h */,
				F99DF35F1B2575CB00DB1B75 /* NSDate+RFC1123.m */,
				F99DF3601B2575CB00DB1B75 /* NSDictionary+RequestEncoding.h */,
				F99DF3611B2575CB00DB1B75 /* NSDictionary+RequestEncoding.m */,
				F99DF3621B2575CB00DB1B75 /* NSString+MKNetworkKitAdditions.h */,
				F99DF3631B2575CB00DB1B75 /* NSString+MKNetworkKitAdditions.m */,
				F99DF3641B2575CB00DB1B75 /* UIAlertView+MKNetworkKitAdditions.h */,
				F99DF3651B2575CB00DB1B75 /* UIAlertView+MKNetworkKitAdditions.m */,
				F99DF3661B2575CB00DB1B75 /* UIImageView+MKNetworkKitAdditions.h */,
				F99DF3671B2575CB00DB1B75 /* UIImageView+MKNetworkKitAdditions.m */,
			);
			path = Categories;
			sourceTree = "<group>";
		};
		F99DF36D1B2575CB00DB1B75 /* Reachability */ = {
			isa = PBXGroup;
			children = (
				F99DF36E1B2575CB00DB1B75 /* Reachability.h */,
				F99DF36F1B2575CB00DB1B75 /* Reachability.m */,
			);
			path = Reachability;
			sourceTree = "<group>";
		};
		F99DF37A1B257F0300DB1B75 /* Login */ = {
			isa = PBXGroup;
			children = (
				F99DF37B1B257F2A00DB1B75 /* ObjLoginUser.h */,
				F99DF37C1B257F2A00DB1B75 /* ObjLoginUser.m */,
			);
			path = Login;
			sourceTree = "<group>";
		};
		F99DF3811B2597A200DB1B75 /* NSLogger */ = {
			isa = PBXGroup;
			children = (
				F99DF3821B2597A200DB1B75 /* LoggerClient.h */,
				F99DF3831B2597A200DB1B75 /* LoggerClient.m */,
				F99DF3841B2597A200DB1B75 /* LoggerCommon.h */,
			);
			path = NSLogger;
			sourceTree = "<group>";
		};
		F99DF38F1B259C4800DB1B75 /* pinyin */ = {
			isa = PBXGroup;
			children = (
				F99DF3901B259C4800DB1B75 /* pinyin.h */,
				F99DF3911B259C4800DB1B75 /* pinyin.m */,
			);
			path = pinyin;
			sourceTree = "<group>";
		};
/* End PBXGroup section */

/* Begin PBXNativeTarget section */
		F92232D51B25456A00653DB0 /* tenMile */ = {
			isa = PBXNativeTarget;
			buildConfigurationList = F92232F91B25456A00653DB0 /* Build configuration list for PBXNativeTarget "tenMile" */;
			buildPhases = (
				F92232D21B25456A00653DB0 /* Sources */,
				F92232D31B25456A00653DB0 /* Frameworks */,
				F92232D41B25456A00653DB0 /* Resources */,
			);
			buildRules = (
			);
			dependencies = (
			);
			name = tenMile;
			productName = tenMile;
			productReference = F92232D61B25456A00653DB0 /* tenMile.app */;
			productType = "com.apple.product-type.application";
		};
		F92232EE1B25456A00653DB0 /* tenMileTests */ = {
			isa = PBXNativeTarget;
			buildConfigurationList = F92232FC1B25456A00653DB0 /* Build configuration list for PBXNativeTarget "tenMileTests" */;
			buildPhases = (
				F92232EB1B25456A00653DB0 /* Sources */,
				F92232EC1B25456A00653DB0 /* Frameworks */,
				F92232ED1B25456A00653DB0 /* Resources */,
			);
			buildRules = (
			);
			dependencies = (
				F92232F11B25456A00653DB0 /* PBXTargetDependency */,
			);
			name = tenMileTests;
			productName = tenMileTests;
			productReference = F92232EF1B25456A00653DB0 /* tenMileTests.xctest */;
			productType = "com.apple.product-type.bundle.unit-test";
		};
/* End PBXNativeTarget section */

/* Begin PBXProject section */
		F92232CE1B25456A00653DB0 /* Project object */ = {
			isa = PBXProject;
			attributes = {
				LastUpgradeCheck = 0630;
				ORGANIZATIONNAME = changxicao;
				TargetAttributes = {
					F92232D51B25456A00653DB0 = {
						CreatedOnToolsVersion = 6.3.2;
					};
					F92232EE1B25456A00653DB0 = {
						CreatedOnToolsVersion = 6.3.2;
						TestTargetID = F92232D51B25456A00653DB0;
					};
				};
			};
			buildConfigurationList = F92232D11B25456A00653DB0 /* Build configuration list for PBXProject "tenMile" */;
			compatibilityVersion = "Xcode 3.2";
			developmentRegion = English;
			hasScannedForEncodings = 0;
			knownRegions = (
				en,
				Base,
			);
			mainGroup = F92232CD1B25456A00653DB0;
			productRefGroup = F92232D71B25456A00653DB0 /* Products */;
			projectDirPath = "";
			projectRoot = "";
			targets = (
				F92232D51B25456A00653DB0 /* tenMile */,
				F92232EE1B25456A00653DB0 /* tenMileTests */,
			);
		};
/* End PBXProject section */

/* Begin PBXResourcesBuildPhase section */
		F92232D41B25456A00653DB0 /* Resources */ = {
			isa = PBXResourcesBuildPhase;
			buildActionMask = 2147483647;
			files = (
				F9269D061B29B913002D2036 /* ObjMyPublishViewController.xib in Resources */,
				F97F0D9A1B25C621005F3A62 /* ObjForgetPasswordViewController.xib in Resources */,
				F96B813E1B28806100920E5E /* ObjMyOrderViewController.xib in Resources */,
				F96B81341B286C6B00920E5E /* ObjCartViewController.xib in Resources */,
				F96B81391B28790F00920E5E /* ObjUserSettingTableViewCell.xib in Resources */,
				F993F09C1B3FF268009C3E9A /* ObjTimeShoppingTableViewCell.xib in Resources */,
				F993F0A61B3FFB4F009C3E9A /* ObjShopRecommendViewCell.xib in Resources */,
				F9269D011B29B7BF002D2036 /* ObjStoreCollectionViewController.xib in Resources */,
				F96B59861B3E412E000EA4AE /* ObjDiningOutViewController.xib in Resources */,
				F97F0D9F1B25C66B005F3A62 /* ObjRegisterViewController.xib in Resources */,
				F993F0A11B3FFAAE009C3E9A /* ObjShopRecommendViewController.xib in Resources */,
				F96B812F1B286C5900920E5E /* ObjStoresViewController.xib in Resources */,
				F97F0DA51B25C6FE005F3A62 /* ObjUserSettingViewController.xib in Resources */,
				F9269D101B29B980002D2036 /* ObjMyStoreViewController.xib in Resources */,
				F97F0D951B25C5F3005F3A62 /* ObjRestPasswordViewController.xib in Resources */,
				F97F0DB01B25CF34005F3A62 /* ObjHomeViewController.xib in Resources */,
				F9269D0B1B29B956002D2036 /* ObjMyDiscountViewController.xib in Resources */,
				F96B59931B3E574A000EA4AE /* ObjDiningOutTableViewCell.xib in Resources */,
				F97F0D901B25C5B6005F3A62 /* ObjLoginViewController.xib in Resources */,
				F993F0911B3FE2A0009C3E9A /* ObjStoreTabbarController.xib in Resources */,
				F993F0971B3FF222009C3E9A /* ObjTimeShoppingViewController.xib in Resources */,
				F92232E71B25456A00653DB0 /* Images.xcassets in Resources */,
				F96B59DC1B3EE185000EA4AE /* ObjNormalTabbarController.xib in Resources */,
			);
			runOnlyForDeploymentPostprocessing = 0;
		};
		F92232ED1B25456A00653DB0 /* Resources */ = {
			isa = PBXResourcesBuildPhase;
			buildActionMask = 2147483647;
			files = (
			);
			runOnlyForDeploymentPostprocessing = 0;
		};
/* End PBXResourcesBuildPhase section */

/* Begin PBXSourcesBuildPhase section */
		F92232D21B25456A00653DB0 /* Sources */ = {
			isa = PBXSourcesBuildPhase;
			buildActionMask = 2147483647;
			files = (
				F97F0D991B25C621005F3A62 /* ObjForgetPasswordViewController.m in Sources */,
				F99DF3381B25696500DB1B75 /* AFURLConnectionOperation.m in Sources */,
				F99DF3761B2575CB00DB1B75 /* MKNetworkEngine.m in Sources */,
				F931071C1B26E39F006CB718 /* NSLayoutConstraint+MASDebugAdditions.m in Sources */,
				F99DF3331B25696500DB1B75 /* AFHTTPRequestOperation.m in Sources */,
				F993F0901B3FE2A0009C3E9A /* ObjStoreTabbarController.m in Sources */,
				F99DF3441B25696500DB1B75 /* MBProgressHUD.m in Sources */,
				F96B812E1B286C5900920E5E /* ObjStoresViewController.m in Sources */,
				F96B81331B286C6B00920E5E /* ObjCartViewController.m in Sources */,
				F99DF33F1B25696500DB1B75 /* UIButton+AFNetworking.m in Sources */,
				F99DF3721B2575CB00DB1B75 /* NSDictionary+RequestEncoding.m in Sources */,
				F99DF3771B2575CB00DB1B75 /* MKNetworkOperation.m in Sources */,
				F99DF3361B25696500DB1B75 /* AFNetworkReachabilityManager.m in Sources */,
				F97F0DA41B25C6FE005F3A62 /* ObjUserSettingViewController.m in Sources */,
				F93107151B26E39F006CB718 /* MASCompositeConstraint.m in Sources */,
				F97F0DB41B25DD78005F3A62 /* ObjNavigationViewController.m in Sources */,
				F93107161B26E39F006CB718 /* MASConstraint.m in Sources */,
				F97F0D8F1B25C5B6005F3A62 /* ObjLoginViewController.m in Sources */,
				F97F0D941B25C5F3005F3A62 /* ObjRestPasswordViewController.m in Sources */,
				F93107171B26E39F006CB718 /* MASConstraintMaker.m in Sources */,
				F93107181B26E39F006CB718 /* MASLayoutConstraint.m in Sources */,
				F99DF3921B259C4800DB1B75 /* pinyin.m in Sources */,
				F99DF3411B25696500DB1B75 /* UIProgressView+AFNetworking.m in Sources */,
				F99DF33B1B25696500DB1B75 /* AFURLSessionManager.m in Sources */,
				F931071B1B26E39F006CB718 /* NSArray+MASAdditions.m in Sources */,
				F99DF3391B25696500DB1B75 /* AFURLRequestSerialization.m in Sources */,
				F99DF3421B25696500DB1B75 /* UIRefreshControl+AFNetworking.m in Sources */,
				F993F0961B3FF222009C3E9A /* ObjTimeShoppingViewController.m in Sources */,
				F99DF33A1B25696500DB1B75 /* AFURLResponseSerialization.m in Sources */,
				F99DF3701B2575CB00DB1B75 /* NSData+MKBase64.m in Sources */,
				F99DF3491B256A2200DB1B75 /* YHNetworkUserAgent.m in Sources */,
				F99DF2C91B2568D500DB1B75 /* YHENetworkEngine.m in Sources */,
				F99DF3401B25696500DB1B75 /* UIImageView+AFNetworking.m in Sources */,
				F92232DF1B25456A00653DB0 /* AppDelegate.m in Sources */,
				F96B813D1B28806100920E5E /* ObjMyOrderViewController.m in Sources */,
				F99DF33E1B25696500DB1B75 /* UIAlertView+AFNetworking.m in Sources */,
				F99DF3731B2575CB00DB1B75 /* NSString+MKNetworkKitAdditions.m in Sources */,
				F99DF3451B25696500DB1B75 /* YHEProgressHUD.m in Sources */,
				F99DF3341B25696500DB1B75 /* AFHTTPRequestOperationManager.m in Sources */,
				F99DF3371B25696500DB1B75 /* AFSecurityPolicy.m in Sources */,
				F97F0D9E1B25C66B005F3A62 /* ObjRegisterViewController.m in Sources */,
				F97F0DAF1B25CF34005F3A62 /* ObjHomeViewController.m in Sources */,
				F99DF3851B2597A200DB1B75 /* LoggerClient.m in Sources */,
				F99DF38B1B25997000DB1B75 /* YHENetworkOperation.m in Sources */,
				F99DF3781B2575CB00DB1B75 /* Reachability.m in Sources */,
				F931071A1B26E39F006CB718 /* MASViewConstraint.m in Sources */,
				F96B59851B3E412E000EA4AE /* ObjDiningOutViewController.m in Sources */,
				F9269D0A1B29B956002D2036 /* ObjMyDiscountViewController.m in Sources */,
				F99DF38A1B25997000DB1B75 /* YHEMKNetworkEngine.m in Sources */,
				F96B81381B28790F00920E5E /* ObjUserSettingTableViewCell.m in Sources */,
				F99DF34D1B256A6E00DB1B75 /* OpenUDID.m in Sources */,
				F9269D001B29B7BF002D2036 /* ObjStoreCollectionViewController.m in Sources */,
				F99DF3431B25696500DB1B75 /* UIWebView+AFNetworking.m in Sources */,
				F97F0D8B1B25C56D005F3A62 /* ObjViewController.m in Sources */,
				F993F09B1B3FF268009C3E9A /* ObjTimeShoppingTableViewCell.m in Sources */,
				F931071D1B26E39F006CB718 /* View+MASAdditions.m in Sources */,
				F92232DC1B25456A00653DB0 /* main.m in Sources */,
				F99DF3801B25969000DB1B75 /* YHLogger.m in Sources */,
				F93107191B26E39F006CB718 /* MASViewAttribute.m in Sources */,
				F99DF37D1B257F2A00DB1B75 /* ObjLoginUser.m in Sources */,
				F99DF3711B2575CB00DB1B75 /* NSDate+RFC1123.m in Sources */,
				F9269D051B29B913002D2036 /* ObjMyPublishViewController.m in Sources */,
				F99DF2C81B2568D500DB1B75 /* YHENetworkAdapter.m in Sources */,
				F99DF3351B25696500DB1B75 /* AFHTTPSessionManager.m in Sources */,
				F96B59DB1B3EE185000EA4AE /* ObjNormalTabbarController.m in Sources */,
				F96B598E1B3E4820000EA4AE /* ObjSegmentView.m in Sources */,
				F99DF3741B2575CB00DB1B75 /* UIAlertView+MKNetworkKitAdditions.m in Sources */,
				F9269D0F1B29B980002D2036 /* ObjMyStoreViewController.m in Sources */,
				F993F0A01B3FFAAE009C3E9A /* ObjShopRecommendViewController.m in Sources */,
				F993F0A51B3FFB4F009C3E9A /* ObjShopRecommendViewCell.m in Sources */,
				F99DF33D1B25696500DB1B75 /* UIActivityIndicatorView+AFNetworking.m in Sources */,
				F99DF38E1B2599E800DB1B75 /* YHAssistant.m in Sources */,
				F96B59921B3E574A000EA4AE /* ObjDiningOutTableViewCell.m in Sources */,
				F99DF3751B2575CB00DB1B75 /* UIImageView+MKNetworkKitAdditions.m in Sources */,
				F99DF33C1B25696500DB1B75 /* AFNetworkActivityIndicatorManager.m in Sources */,
			);
			runOnlyForDeploymentPostprocessing = 0;
		};
		F92232EB1B25456A00653DB0 /* Sources */ = {
			isa = PBXSourcesBuildPhase;
			buildActionMask = 2147483647;
			files = (
				F92232F61B25456A00653DB0 /* tenMileTests.m in Sources */,
			);
			runOnlyForDeploymentPostprocessing = 0;
		};
/* End PBXSourcesBuildPhase section */

/* Begin PBXTargetDependency section */
		F92232F11B25456A00653DB0 /* PBXTargetDependency */ = {
			isa = PBXTargetDependency;
			target = F92232D51B25456A00653DB0 /* tenMile */;
			targetProxy = F92232F01B25456A00653DB0 /* PBXContainerItemProxy */;
		};
/* End PBXTargetDependency section */

/* Begin XCBuildConfiguration section */
		F92232F71B25456A00653DB0 /* Debug */ = {
			isa = XCBuildConfiguration;
			buildSettings = {
				ALWAYS_SEARCH_USER_PATHS = NO;
				CLANG_CXX_LANGUAGE_STANDARD = "gnu++0x";
				CLANG_CXX_LIBRARY = "libc++";
				CLANG_ENABLE_MODULES = YES;
				CLANG_ENABLE_OBJC_ARC = YES;
				CLANG_WARN_BOOL_CONVERSION = YES;
				CLANG_WARN_CONSTANT_CONVERSION = YES;
				CLANG_WARN_DIRECT_OBJC_ISA_USAGE = YES_ERROR;
				CLANG_WARN_EMPTY_BODY = YES;
				CLANG_WARN_ENUM_CONVERSION = YES;
				CLANG_WARN_INT_CONVERSION = YES;
				CLANG_WARN_OBJC_ROOT_CLASS = YES_ERROR;
				CLANG_WARN_UNREACHABLE_CODE = YES;
				CLANG_WARN__DUPLICATE_METHOD_MATCH = YES;
				"CODE_SIGN_IDENTITY[sdk=iphoneos*]" = "iPhone Developer";
				COPY_PHASE_STRIP = NO;
				DEBUG_INFORMATION_FORMAT = "dwarf-with-dsym";
				ENABLE_STRICT_OBJC_MSGSEND = YES;
				GCC_C_LANGUAGE_STANDARD = gnu99;
				GCC_DYNAMIC_NO_PIC = NO;
				GCC_NO_COMMON_BLOCKS = YES;
				GCC_OPTIMIZATION_LEVEL = 0;
				GCC_PREPROCESSOR_DEFINITIONS = (
					"DEBUG=1",
					"$(inherited)",
				);
				GCC_SYMBOLS_PRIVATE_EXTERN = NO;
				GCC_WARN_64_TO_32_BIT_CONVERSION = YES;
				GCC_WARN_ABOUT_RETURN_TYPE = YES_ERROR;
				GCC_WARN_UNDECLARED_SELECTOR = YES;
				GCC_WARN_UNINITIALIZED_AUTOS = YES_AGGRESSIVE;
				GCC_WARN_UNUSED_FUNCTION = YES;
				GCC_WARN_UNUSED_VARIABLE = YES;
				IPHONEOS_DEPLOYMENT_TARGET = 8.3;
				MTL_ENABLE_DEBUG_INFO = YES;
				ONLY_ACTIVE_ARCH = YES;
				SDKROOT = iphoneos;
			};
			name = Debug;
		};
		F92232F81B25456A00653DB0 /* Release */ = {
			isa = XCBuildConfiguration;
			buildSettings = {
				ALWAYS_SEARCH_USER_PATHS = NO;
				CLANG_CXX_LANGUAGE_STANDARD = "gnu++0x";
				CLANG_CXX_LIBRARY = "libc++";
				CLANG_ENABLE_MODULES = YES;
				CLANG_ENABLE_OBJC_ARC = YES;
				CLANG_WARN_BOOL_CONVERSION = YES;
				CLANG_WARN_CONSTANT_CONVERSION = YES;
				CLANG_WARN_DIRECT_OBJC_ISA_USAGE = YES_ERROR;
				CLANG_WARN_EMPTY_BODY = YES;
				CLANG_WARN_ENUM_CONVERSION = YES;
				CLANG_WARN_INT_CONVERSION = YES;
				CLANG_WARN_OBJC_ROOT_CLASS = YES_ERROR;
				CLANG_WARN_UNREACHABLE_CODE = YES;
				CLANG_WARN__DUPLICATE_METHOD_MATCH = YES;
				"CODE_SIGN_IDENTITY[sdk=iphoneos*]" = "iPhone Developer";
				COPY_PHASE_STRIP = NO;
				DEBUG_INFORMATION_FORMAT = "dwarf-with-dsym";
				ENABLE_NS_ASSERTIONS = NO;
				ENABLE_STRICT_OBJC_MSGSEND = YES;
				GCC_C_LANGUAGE_STANDARD = gnu99;
				GCC_NO_COMMON_BLOCKS = YES;
				GCC_WARN_64_TO_32_BIT_CONVERSION = YES;
				GCC_WARN_ABOUT_RETURN_TYPE = YES_ERROR;
				GCC_WARN_UNDECLARED_SELECTOR = YES;
				GCC_WARN_UNINITIALIZED_AUTOS = YES_AGGRESSIVE;
				GCC_WARN_UNUSED_FUNCTION = YES;
				GCC_WARN_UNUSED_VARIABLE = YES;
				IPHONEOS_DEPLOYMENT_TARGET = 8.3;
				MTL_ENABLE_DEBUG_INFO = NO;
				SDKROOT = iphoneos;
				VALIDATE_PRODUCT = YES;
			};
			name = Release;
		};
		F92232FA1B25456A00653DB0 /* Debug */ = {
			isa = XCBuildConfiguration;
			buildSettings = {
				ASSETCATALOG_COMPILER_APPICON_NAME = AppIcon;
				ASSETCATALOG_COMPILER_LAUNCHIMAGE_NAME = LaunchImage;
				FRAMEWORK_SEARCH_PATHS = (
					"$(inherited)",
					"$(PROJECT_DIR)",
				);
				GCC_PRECOMPILE_PREFIX_HEADER = YES;
				GCC_PREFIX_HEADER = "$(PROJECT_DIR)/tenMile.pch";
				INFOPLIST_FILE = tenMile/Info.plist;
				IPHONEOS_DEPLOYMENT_TARGET = 7.0;
				LD_RUNPATH_SEARCH_PATHS = "$(inherited) @executable_path/Frameworks";
				PRODUCT_NAME = "$(TARGET_NAME)";
			};
			name = Debug;
		};
		F92232FB1B25456A00653DB0 /* Release */ = {
			isa = XCBuildConfiguration;
			buildSettings = {
				ASSETCATALOG_COMPILER_APPICON_NAME = AppIcon;
				ASSETCATALOG_COMPILER_LAUNCHIMAGE_NAME = LaunchImage;
				FRAMEWORK_SEARCH_PATHS = (
					"$(inherited)",
					"$(PROJECT_DIR)",
				);
				GCC_PRECOMPILE_PREFIX_HEADER = YES;
				GCC_PREFIX_HEADER = "$(PROJECT_DIR)/tenMile.pch";
				INFOPLIST_FILE = tenMile/Info.plist;
				IPHONEOS_DEPLOYMENT_TARGET = 7.0;
				LD_RUNPATH_SEARCH_PATHS = "$(inherited) @executable_path/Frameworks";
				PRODUCT_NAME = "$(TARGET_NAME)";
			};
			name = Release;
		};
		F92232FD1B25456A00653DB0 /* Debug */ = {
			isa = XCBuildConfiguration;
			buildSettings = {
				BUNDLE_LOADER = "$(TEST_HOST)";
				FRAMEWORK_SEARCH_PATHS = (
					"$(SDKROOT)/Developer/Library/Frameworks",
					"$(inherited)",
				);
				GCC_PREPROCESSOR_DEFINITIONS = (
					"DEBUG=1",
					"$(inherited)",
				);
				INFOPLIST_FILE = tenMileTests/Info.plist;
				LD_RUNPATH_SEARCH_PATHS = "$(inherited) @executable_path/Frameworks @loader_path/Frameworks";
				PRODUCT_NAME = "$(TARGET_NAME)";
				TEST_HOST = "$(BUILT_PRODUCTS_DIR)/tenMile.app/tenMile";
			};
			name = Debug;
		};
		F92232FE1B25456A00653DB0 /* Release */ = {
			isa = XCBuildConfiguration;
			buildSettings = {
				BUNDLE_LOADER = "$(TEST_HOST)";
				FRAMEWORK_SEARCH_PATHS = (
					"$(SDKROOT)/Developer/Library/Frameworks",
					"$(inherited)",
				);
				INFOPLIST_FILE = tenMileTests/Info.plist;
				LD_RUNPATH_SEARCH_PATHS = "$(inherited) @executable_path/Frameworks @loader_path/Frameworks";
				PRODUCT_NAME = "$(TARGET_NAME)";
				TEST_HOST = "$(BUILT_PRODUCTS_DIR)/tenMile.app/tenMile";
			};
			name = Release;
		};
/* End XCBuildConfiguration section */

/* Begin XCConfigurationList section */
		F92232D11B25456A00653DB0 /* Build configuration list for PBXProject "tenMile" */ = {
			isa = XCConfigurationList;
			buildConfigurations = (
				F92232F71B25456A00653DB0 /* Debug */,
				F92232F81B25456A00653DB0 /* Release */,
			);
			defaultConfigurationIsVisible = 0;
			defaultConfigurationName = Release;
		};
		F92232F91B25456A00653DB0 /* Build configuration list for PBXNativeTarget "tenMile" */ = {
			isa = XCConfigurationList;
			buildConfigurations = (
				F92232FA1B25456A00653DB0 /* Debug */,
				F92232FB1B25456A00653DB0 /* Release */,
			);
			defaultConfigurationIsVisible = 0;
			defaultConfigurationName = Release;
		};
		F92232FC1B25456A00653DB0 /* Build configuration list for PBXNativeTarget "tenMileTests" */ = {
			isa = XCConfigurationList;
			buildConfigurations = (
				F92232FD1B25456A00653DB0 /* Debug */,
				F92232FE1B25456A00653DB0 /* Release */,
			);
			defaultConfigurationIsVisible = 0;
			defaultConfigurationName = Release;
		};
/* End XCConfigurationList section */
	};
	rootObject = F92232CE1B25456A00653DB0 /* Project object */;
}
